// !$*UTF8*$!
{
	archiveVersion = 1;
	classes = {
	};
	objectVersion = 50;
	objects = {

/* Begin PBXBuildFile section */
		D6F4E3D123571F07004CD247 /* AppDelegate.m in Sources */ = {isa = PBXBuildFile; fileRef = D6F4E3D023571F07004CD247 /* AppDelegate.m */; };
		D6F4E3D423571F07004CD247 /* SceneDelegate.m in Sources */ = {isa = PBXBuildFile; fileRef = D6F4E3D323571F07004CD247 /* SceneDelegate.m */; };
		D6F4E3D723571F07004CD247 /* ViewController.m in Sources */ = {isa = PBXBuildFile; fileRef = D6F4E3D623571F07004CD247 /* ViewController.m */; };
		D6F4E3DA23571F07004CD247 /* Main.storyboard in Resources */ = {isa = PBXBuildFile; fileRef = D6F4E3D823571F07004CD247 /* Main.storyboard */; };
		D6F4E3DC23571F0A004CD247 /* Assets.xcassets in Resources */ = {isa = PBXBuildFile; fileRef = D6F4E3DB23571F0A004CD247 /* Assets.xcassets */; };
		D6F4E3DF23571F0A004CD247 /* LaunchScreen.storyboard in Resources */ = {isa = PBXBuildFile; fileRef = D6F4E3DD23571F0A004CD247 /* LaunchScreen.storyboard */; };
		D6F4E3E223571F0A004CD247 /* main.m in Sources */ = {isa = PBXBuildFile; fileRef = D6F4E3E123571F0A004CD247 /* main.m */; };
		D6F4E3EB23571F37004CD247 /* MyButton.m in Sources */ = {isa = PBXBuildFile; fileRef = D6F4E3EA23571F37004CD247 /* MyButton.m */; };
/* End PBXBuildFile section */

/* Begin PBXFileReference section */
		D6F4E3CC23571F07004CD247 /* MyButton.app */ = {isa = PBXFileReference; explicitFileType = wrapper.application; includeInIndex = 0; path = MyButton.app; sourceTree = BUILT_PRODUCTS_DIR; };
		D6F4E3CF23571F07004CD247 /* AppDelegate.h */ = {isa = PBXFileReference; lastKnownFileType = sourcecode.c.h; path = AppDelegate.h; sourceTree = "<group>"; };
		D6F4E3D023571F07004CD247 /* AppDelegate.m */ = {isa = PBXFileReference; lastKnownFileType = sourcecode.c.objc; path = AppDelegate.m; sourceTree = "<group>"; };
		D6F4E3D223571F07004CD247 /* SceneDelegate.h */ = {isa = PBXFileReference; lastKnownFileType = sourcecode.c.h; path = SceneDelegate.h; sourceTree = "<group>"; };
		D6F4E3D323571F07004CD247 /* SceneDelegate.m */ = {isa = PBXFileReference; lastKnownFileType = sourcecode.c.objc; path = SceneDelegate.m; sourceTree = "<group>"; };
		D6F4E3D523571F07004CD247 /* ViewController.h */ = {isa = PBXFileReference; lastKnownFileType = sourcecode.c.h; path = ViewController.h; sourceTree = "<group>"; };
		D6F4E3D623571F07004CD247 /* ViewController.m */ = {isa = PBXFileReference; lastKnownFileType = sourcecode.c.objc; path = ViewController.m; sourceTree = "<group>"; };
		D6F4E3D923571F07004CD247 /* Base */ = {isa = PBXFileReference; lastKnownFileType = file.storyboard; name = Base; path = Base.lproj/Main.storyboard; sourceTree = "<group>"; };
		D6F4E3DB23571F0A004CD247 /* Assets.xcassets */ = {isa = PBXFileReference; lastKnownFileType = folder.assetcatalog; path = Assets.xcassets; sourceTree = "<group>"; };
		D6F4E3DE23571F0A004CD247 /* Base */ = {isa = PBXFileReference; lastKnownFileType = file.storyboard; name = Base; path = Base.lproj/LaunchScreen.storyboard; sourceTree = "<group>"; };
		D6F4E3E023571F0A004CD247 /* Info.plist */ = {isa = PBXFileReference; lastKnownFileType = text.plist.xml; path = Info.plist; sourceTree = "<group>"; };
		D6F4E3E123571F0A004CD247 /* main.m */ = {isa = PBXFileReference; lastKnownFileType = sourcecode.c.objc; path = main.m; sourceTree = "<group>"; };
		D6F4E3E923571F37004CD247 /* MyButton.h */ = {isa = PBXFileReference; lastKnownFileType = sourcecode.c.h; path = MyButton.h; sourceTree = "<group>"; };
		D6F4E3EA23571F37004CD247 /* MyButton.m */ = {isa = PBXFileReference; lastKnownFileType = sourcecode.c.objc; path = MyButton.m; sourceTree = "<group>"; };
/* End PBXFileReference section */

/* Begin PBXFrameworksBuildPhase section */
		D6F4E3C923571F07004CD247 /* Frameworks */ = {
			isa = PBXFrameworksBuildPhase;
			buildActionMask = 2147483647;
			files = (
			);
			runOnlyForDeploymentPostprocessing = 0;
		};
/* End PBXFrameworksBuildPhase section */

/* Begin PBXGroup section */
		D6F4E3C323571F07004CD247 = {
			isa = PBXGroup;
			children = (
				D6F4E3E823571F18004CD247 /* Source */,
				D6F4E3CE23571F07004CD247 /* MyButton */,
				D6F4E3CD23571F07004CD247 /* Products */,
			);
			sourceTree = "<group>";
		};
		D6F4E3CD23571F07004CD247 /* Products */ = {
			isa = PBXGroup;
			children = (
				D6F4E3CC23571F07004CD247 /* MyButton.app */,
			);
			name = Products;
			sourceTree = "<group>";
		};
		D6F4E3CE23571F07004CD247 /* MyButton */ = {
			isa = PBXGroup;
			children = (
				D6F4E3CF23571F07004CD247 /* AppDelegate.h */,
				D6F4E3D023571F07004CD247 /* AppDelegate.m */,
				D6F4E3D223571F07004CD247 /* SceneDelegate.h */,
				D6F4E3D323571F07004CD247 /* SceneDelegate.m */,
				D6F4E3D523571F07004CD247 /* ViewController.h */,
				D6F4E3D623571F07004CD247 /* ViewController.m */,
				D6F4E3D823571F07004CD247 /* Main.storyboard */,
				D6F4E3DB23571F0A004CD247 /* Assets.xcassets */,
				D6F4E3DD23571F0A004CD247 /* LaunchScreen.storyboard */,
				D6F4E3E023571F0A004CD247 /* Info.plist */,
				D6F4E3E123571F0A004CD247 /* main.m */,
			);
			path = MyButton;
			sourceTree = "<group>";
		};
		D6F4E3E823571F18004CD247 /* Source */ = {
			isa = PBXGroup;
			children = (
				D6F4E3E923571F37004CD247 /* MyButton.h */,
				D6F4E3EA23571F37004CD247 /* MyButton.m */,
			);
			path = Source;
			sourceTree = "<group>";
		};
/* End PBXGroup section */

/* Begin PBXNativeTarget section */
		D6F4E3CB23571F07004CD247 /* MyButton */ = {
			isa = PBXNativeTarget;
			buildConfigurationList = D6F4E3E523571F0A004CD247 /* Build configuration list for PBXNativeTarget "MyButton" */;
			buildPhases = (
				D6F4E3C823571F07004CD247 /* Sources */,
				D6F4E3C923571F07004CD247 /* Frameworks */,
				D6F4E3CA23571F07004CD247 /* Resources */,
			);
			buildRules = (
			);
			dependencies = (
			);
			name = MyButton;
			productName = MyButton;
			productReference = D6F4E3CC23571F07004CD247 /* MyButton.app */;
			productType = "com.apple.product-type.application";
		};
/* End PBXNativeTarget section */

/* Begin PBXProject section */
		D6F4E3C423571F07004CD247 /* Project object */ = {
			isa = PBXProject;
			attributes = {
				LastUpgradeCheck = 1110;
				ORGANIZATIONNAME = angfung;
				TargetAttributes = {
					D6F4E3CB23571F07004CD247 = {
						CreatedOnToolsVersion = 11.1;
					};
				};
			};
			buildConfigurationList = D6F4E3C723571F07004CD247 /* Build configuration list for PBXProject "MyButton" */;
			compatibilityVersion = "Xcode 9.3";
			developmentRegion = en;
			hasScannedForEncodings = 0;
			knownRegions = (
				en,
				Base,
			);
			mainGroup = D6F4E3C323571F07004CD247;
			productRefGroup = D6F4E3CD23571F07004CD247 /* Products */;
			projectDirPath = "";
			projectRoot = "";
			targets = (
				D6F4E3CB23571F07004CD247 /* MyButton */,
			);
		};
/* End PBXProject section */

/* Begin PBXResourcesBuildPhase section */
		D6F4E3CA23571F07004CD247 /* Resources */ = {
			isa = PBXResourcesBuildPhase;
			buildActionMask = 2147483647;
			files = (
				D6F4E3DF23571F0A004CD247 /* LaunchScreen.storyboard in Resources */,
				D6F4E3DC23571F0A004CD247 /* Assets.xcassets in Resources */,
				D6F4E3DA23571F07004CD247 /* Main.storyboard in Resources */,
			);
			runOnlyForDeploymentPostprocessing = 0;
		};
/* End PBXResourcesBuildPhase section */

/* Begin PBXSourcesBuildPhase section */
		D6F4E3C823571F07004CD247 /* Sources */ = {
			isa = PBXSourcesBuildPhase;
			buildActionMask = 2147483647;
			files = (
				D6F4E3D723571F07004CD247 /* ViewController.m in Sources */,
				D6F4E3D123571F07004CD247 /* AppDelegate.m in Sources */,
				D6F4E3E223571F0A004CD247 /* main.m in Sources */,
				D6F4E3D423571F07004CD247 /* SceneDelegate.m in Sources */,
				D6F4E3EB23571F37004CD247 /* MyButton.m in Sources */,
			);
			runOnlyForDeploymentPostprocessing = 0;
		};
/* End PBXSourcesBuildPhase section */

/* Begin PBXVariantGroup section */
		D6F4E3D823571F07004CD247 /* Main.storyboard */ = {
			isa = PBXVariantGroup;
			children = (
				D6F4E3D923571F07004CD247 /* Base */,
			);
			name = Main.storyboard;
			sourceTree = "<group>";
		};
		D6F4E3DD23571F0A004CD247 /* LaunchScreen.storyboard */ = {
			isa = PBXVariantGroup;
			children = (
				D6F4E3DE23571F0A004CD247 /* Base */,
			);
			name = LaunchScreen.storyboard;
			sourceTree = "<group>";
		};
/* End PBXVariantGroup section */

/* Begin XCBuildConfiguration section */
		D6F4E3E323571F0A004CD247 /* Debug */ = {
			isa = XCBuildConfiguration;
			buildSettings = {
				ALWAYS_SEARCH_USER_PATHS = NO;
				CLANG_ANALYZER_NONNULL = YES;
				CLANG_ANALYZER_NUMBER_OBJECT_CONVERSION = YES_AGGRESSIVE;
				CLANG_CXX_LANGUAGE_STANDARD = "gnu++14";
				CLANG_CXX_LIBRARY = "libc++";
				CLANG_ENABLE_MODULES = YES;
				CLANG_ENABLE_OBJC_ARC = YES;
				CLANG_ENABLE_OBJC_WEAK = YES;
				CLANG_WARN_BLOCK_CAPTURE_AUTORELEASING = YES;
				CLANG_WARN_BOOL_CONVERSION = YES;
				CLANG_WARN_COMMA = YES;
				CLANG_WARN_CONSTANT_CONVERSION = YES;
				CLANG_WARN_DEPRECATED_OBJC_IMPLEMENTATIONS = YES;
				CLANG_WARN_DIRECT_OBJC_ISA_USAGE = YES_ERROR;
				CLANG_WARN_DOCUMENTATION_COMMENTS = YES;
				CLANG_WARN_EMPTY_BODY = YES;
				CLANG_WARN_ENUM_CONVERSION = YES;
				CLANG_WARN_INFINITE_RECURSION = YES;
				CLANG_WARN_INT_CONVERSION = YES;
				CLANG_WARN_NON_LITERAL_NULL_CONVERSION = YES;
				CLANG_WARN_OBJC_IMPLICIT_RETAIN_SELF = YES;
				CLANG_WARN_OBJC_LITERAL_CONVERSION = YES;
				CLANG_WARN_OBJC_ROOT_CLASS = YES_ERROR;
				CLANG_WARN_RANGE_LOOP_ANALYSIS = YES;
				CLANG_WARN_STRICT_PROTOTYPES = YES;
				CLANG_WARN_SUSPICIOUS_MOVE = YES;
				CLANG_WARN_UNGUARDED_AVAILABILITY = YES_AGGRESSIVE;
				CLANG_WARN_UNREACHABLE_CODE = YES;
				CLANG_WARN__DUPLICATE_METHOD_MATCH = YES;
				COPY_PHASE_STRIP = NO;
				DEBUG_INFORMATION_FORMAT = dwarf;
				ENABLE_STRICT_OBJC_MSGSEND = YES;
				ENABLE_TESTABILITY = YES;
				GCC_C_LANGUAGE_STANDARD = gnu11;
				GCC_DYNAMIC_NO_PIC = NO;
				GCC_NO_COMMON_BLOCKS = YES;
				GCC_OPTIMIZATION_LEVEL = 0;
				GCC_PREPROCESSOR_DEFINITIONS = (
					"DEBUG=1",
					"$(inherited)",
				);
				GCC_WARN_64_TO_32_BIT_CONVERSION = YES;
				GCC_WARN_ABOUT_RETURN_TYPE = YES_ERROR;
				GCC_WARN_UNDECLARED_SELECTOR = YES;
				GCC_WARN_UNINITIALIZED_AUTOS = YES_AGGRESSIVE;
				GCC_WARN_UNUSED_FUNCTION = YES;
				GCC_WARN_UNUSED_VARIABLE = YES;
				IPHONEOS_DEPLOYMENT_TARGET = 13.1;
				MTL_ENABLE_DEBUG_INFO = INCLUDE_SOURCE;
				MTL_FAST_MATH = YES;
				ONLY_ACTIVE_ARCH = YES;
				SDKROOT = iphoneos;
			};
			name = Debug;
		};
		D6F4E3E423571F0A004CD247 /* Release */ = {
			isa = XCBuildConfiguration;
			buildSettings = {
				ALWAYS_SEARCH_USER_PATHS = NO;
				CLANG_ANALYZER_NONNULL = YES;
				CLANG_ANALYZER_NUMBER_OBJECT_CONVERSION = YES_AGGRESSIVE;
				CLANG_CXX_LANGUAGE_STANDARD = "gnu++14";
				CLANG_CXX_LIBRARY = "libc++";
				CLANG_ENABLE_MODULES = YES;
				CLANG_ENABLE_OBJC_ARC = YES;
				CLANG_ENABLE_OBJC_WEAK = YES;
				CLANG_WARN_BLOCK_CAPTURE_AUTORELEASING = YES;
				CLANG_WARN_BOOL_CONVERSION = YES;
				CLANG_WARN_COMMA = YES;
				CLANG_WARN_CONSTANT_CONVERSION = YES;
				CLANG_WARN_DEPRECATED_OBJC_IMPLEMENTATIONS = YES;
				CLANG_WARN_DIRECT_OBJC_ISA_USAGE = YES_ERROR;
				CLANG_WARN_DOCUMENTATION_COMMENTS = YES;
				CLANG_WARN_EMPTY_BODY = YES;
				CLANG_WARN_ENUM_CONVERSION = YES;
				CLANG_WARN_INFINITE_RECURSION = YES;
				CLANG_WARN_INT_CONVERSION = YES;
				CLANG_WARN_NON_LITERAL_NULL_CONVERSION = YES;
				CLANG_WARN_OBJC_IMPLICIT_RETAIN_SELF = YES;
				CLANG_WARN_OBJC_LITERAL_CONVERSION = YES;
				CLANG_WARN_OBJC_ROOT_CLASS = YES_ERROR;
				CLANG_WARN_RANGE_LOOP_ANALYSIS = YES;
				CLANG_WARN_STRICT_PROTOTYPES = YES;
				CLANG_WARN_SUSPICIOUS_MOVE = YES;
				CLANG_WARN_UNGUARDED_AVAILABILITY = YES_AGGRESSIVE;
				CLANG_WARN_UNREACHABLE_CODE = YES;
				CLANG_WARN__DUPLICATE_METHOD_MATCH = YES;
				COPY_PHASE_STRIP = NO;
				DEBUG_INFORMATION_FORMAT = "dwarf-with-dsym";
				ENABLE_NS_ASSERTIONS = NO;
				ENABLE_STRICT_OBJC_MSGSEND = YES;
				GCC_C_LANGUAGE_STANDARD = gnu11;
				GCC_NO_COMMON_BLOCKS = YES;
				GCC_WARN_64_TO_32_BIT_CONVERSION = YES;
				GCC_WARN_ABOUT_RETURN_TYPE = YES_ERROR;
				GCC_WARN_UNDECLARED_SELECTOR = YES;
				GCC_WARN_UNINITIALIZED_AUTOS = YES_AGGRESSIVE;
				GCC_WARN_UNUSED_FUNCTION = YES;
				GCC_WARN_UNUSED_VARIABLE = YES;
				IPHONEOS_DEPLOYMENT_TARGET = 13.1;
				MTL_ENABLE_DEBUG_INFO = NO;
				MTL_FAST_MATH = YES;
				SDKROOT = iphoneos;
				VALIDATE_PRODUCT = YES;
			};
			name = Release;
		};
		D6F4E3E623571F0A004CD247 /* Debug */ = {
			isa = XCBuildConfiguration;
			buildSettings = {
				ASSETCATALOG_COMPILER_APPICON_NAME = AppIcon;
				CODE_SIGN_STYLE = Automatic;
				INFOPLIST_FILE = MyButton/Info.plist;
				LD_RUNPATH_SEARCH_PATHS = (
					"$(inherited)",
					"@executable_path/Frameworks",
				);
				PRODUCT_BUNDLE_IDENTIFIER = com.angfung.MyButton;
				PRODUCT_NAME = "$(TARGET_NAME)";
				TARGETED_DEVICE_FAMILY = "1,2";
			};
			name = Debug;
		};
		D6F4E3E723571F0A004CD247 /* Release */ = {
			isa = XCBuildConfiguration;
			buildSettings = {
				ASSETCATALOG_COMPILER_APPICON_NAME = AppIcon;
				CODE_SIGN_STYLE = Automatic;
				INFOPLIST_FILE = MyButton/Info.plist;
				LD_RUNPATH_SEARCH_PATHS = (
					"$(inherited)",
					"@executable_path/Frameworks",
				);
				PRODUCT_BUNDLE_IDENTIFIER = com.angfung.MyButton;
				PRODUCT_NAME = "$(TARGET_NAME)";
				TARGETED_DEVICE_FAMILY = "1,2";
			};
			name = Release;
		};
/* End XCBuildConfiguration section */

/* Begin XCConfigurationList section */
		D6F4E3C723571F07004CD247 /* Build configuration list for PBXProject "MyButton" */ = {
			isa = XCConfigurationList;
			buildConfigurations = (
				D6F4E3E323571F0A004CD247 /* Debug */,
				D6F4E3E423571F0A004CD247 /* Release */,
			);
			defaultConfigurationIsVisible = 0;
			defaultConfigurationName = Release;
		};
		D6F4E3E523571F0A004CD247 /* Build configuration list for PBXNativeTarget "MyButton" */ = {
			isa = XCConfigurationList;
			buildConfigurations = (
				D6F4E3E623571F0A004CD247 /* Debug */,
				D6F4E3E723571F0A004CD247 /* Release */,
			);
			defaultConfigurationIsVisible = 0;
			defaultConfigurationName = Release;
		};
/* End XCConfigurationList section */
	};
	rootObject = D6F4E3C423571F07004CD247 /* Project object */;
}
