// !$*UTF8*$!
{
	archiveVersion = 1;
	classes = {
	};
	objectVersion = 50;
	objects = {

/* Begin PBXBuildFile section */
		D65DE8D522D877EA006BEFAE /* SCRecoverManager.m in Sources */ = {isa = PBXBuildFile; fileRef = D65DE8D422D877EA006BEFAE /* SCRecoverManager.m */; };
		D6AC0BB422D8A03D00FDE1C0 /* 1562928616807.mp4 in Resources */ = {isa = PBXBuildFile; fileRef = D6AC0BB322D8A03D00FDE1C0 /* 1562928616807.mp4 */; };
		D6AC0BB622D8A04B00FDE1C0 /* 1562928616807.wav in Resources */ = {isa = PBXBuildFile; fileRef = D6AC0BB522D8A04B00FDE1C0 /* 1562928616807.wav */; };
		D6AC0BB822D8A75100FDE1C0 /* 1562930748136.mp4 in Resources */ = {isa = PBXBuildFile; fileRef = D6AC0BB722D8A75000FDE1C0 /* 1562930748136.mp4 */; };
		D6AC0BBA22D8A78B00FDE1C0 /* 1562930748136.wav in Resources */ = {isa = PBXBuildFile; fileRef = D6AC0BB922D8A78B00FDE1C0 /* 1562930748136.wav */; };
		D6AC0BDD22D9D40000FDE1C0 /* ipad app-76.png in Resources */ = {isa = PBXBuildFile; fileRef = D6AC0BDC22D9D40000FDE1C0 /* ipad app-76.png */; };
		D6C17AB722D4498400B080BA /* AppDelegate.m in Sources */ = {isa = PBXBuildFile; fileRef = D6C17AB622D4498400B080BA /* AppDelegate.m */; };
		D6C17ABA22D4498400B080BA /* ViewController.m in Sources */ = {isa = PBXBuildFile; fileRef = D6C17AB922D4498400B080BA /* ViewController.m */; };
		D6C17ABD22D4498400B080BA /* Main.storyboard in Resources */ = {isa = PBXBuildFile; fileRef = D6C17ABB22D4498400B080BA /* Main.storyboard */; };
		D6C17ABF22D4498500B080BA /* Assets.xcassets in Resources */ = {isa = PBXBuildFile; fileRef = D6C17ABE22D4498500B080BA /* Assets.xcassets */; };
		D6C17AC222D4498500B080BA /* LaunchScreen.storyboard in Resources */ = {isa = PBXBuildFile; fileRef = D6C17AC022D4498500B080BA /* LaunchScreen.storyboard */; };
		D6C17AC522D4498500B080BA /* main.m in Sources */ = {isa = PBXBuildFile; fileRef = D6C17AC422D4498500B080BA /* main.m */; };
		D6C17ACC22D44A1100B080BA /* 1562641927402.mp4 in Resources */ = {isa = PBXBuildFile; fileRef = D6C17ACB22D44A1100B080BA /* 1562641927402.mp4 */; };
		D6C17ACE22D44A1800B080BA /* 1562641927402.wav in Resources */ = {isa = PBXBuildFile; fileRef = D6C17ACD22D44A1800B080BA /* 1562641927402.wav */; };
		D6C17AD222D4BB0D00B080BA /* 1562663793812.mp4 in Resources */ = {isa = PBXBuildFile; fileRef = D6C17AD122D4BB0D00B080BA /* 1562663793812.mp4 */; };
		D6C17AD422D4BB1B00B080BA /* 1562663793812.wav in Resources */ = {isa = PBXBuildFile; fileRef = D6C17AD322D4BB1B00B080BA /* 1562663793812.wav */; };
		D6C17AD622D5C35700B080BA /* 1562661992940.wav in Resources */ = {isa = PBXBuildFile; fileRef = D6C17AD522D5C35600B080BA /* 1562661992940.wav */; };
		D6C17AD922D5C36A00B080BA /* 1562662173010.wav in Resources */ = {isa = PBXBuildFile; fileRef = D6C17AD822D5C36A00B080BA /* 1562662173010.wav */; };
		D6C17ADC22D5C37E00B080BA /* 1562662353087.wav in Resources */ = {isa = PBXBuildFile; fileRef = D6C17ADB22D5C37E00B080BA /* 1562662353087.wav */; };
		D6C17ADE22D5C38C00B080BA /* 1562662353087.mp4 in Resources */ = {isa = PBXBuildFile; fileRef = D6C17ADD22D5C38C00B080BA /* 1562662353087.mp4 */; };
		D6C17ADF22D5C39800B080BA /* 1562662173010.mp4 in Resources */ = {isa = PBXBuildFile; fileRef = D6C17ADA22D5C37200B080BA /* 1562662173010.mp4 */; };
		D6C17AE022D5C39800B080BA /* 1562661992940.mp4 in Resources */ = {isa = PBXBuildFile; fileRef = D6C17AD722D5C35D00B080BA /* 1562661992940.mp4 */; };
		D6C17AE422D5C3B400B080BA /* 1562663973911.mp4 in Resources */ = {isa = PBXBuildFile; fileRef = D6C17AE322D5C3B400B080BA /* 1562663973911.mp4 */; };
		D6C17AE722D5E5E900B080BA /* SCAVMixManager.m in Sources */ = {isa = PBXBuildFile; fileRef = D6C17AE622D5E5E900B080BA /* SCAVMixManager.m */; };
		D6C17AF322D615E600B080BA /* SCAVMixHandler.m in Sources */ = {isa = PBXBuildFile; fileRef = D6C17AF222D615E600B080BA /* SCAVMixHandler.m */; };
		D6CA9AC622D6D8300099C3B4 /* SCAVMixWorkItem.m in Sources */ = {isa = PBXBuildFile; fileRef = D6CA9AC522D6D8300099C3B4 /* SCAVMixWorkItem.m */; };
		D6CA9AC922D723490099C3B4 /* SCSchedulePlaybackInfo.m in Sources */ = {isa = PBXBuildFile; fileRef = D6CA9AC822D723490099C3B4 /* SCSchedulePlaybackInfo.m */; };
		D6E063A822E1957700FD0DA9 /* CoreDigest.c in Sources */ = {isa = PBXBuildFile; fileRef = D6E063A722E1957700FD0DA9 /* CoreDigest.c */; };
		D6E3DCBE22E0431400E3400E /* SCUploadManager.m in Sources */ = {isa = PBXBuildFile; fileRef = D6E3DCBD22E0431400E3400E /* SCUploadManager.m */; };
/* End PBXBuildFile section */

/* Begin PBXFileReference section */
		D65DE8D322D877EA006BEFAE /* SCRecoverManager.h */ = {isa = PBXFileReference; lastKnownFileType = sourcecode.c.h; path = SCRecoverManager.h; sourceTree = "<group>"; };
		D65DE8D422D877EA006BEFAE /* SCRecoverManager.m */ = {isa = PBXFileReference; lastKnownFileType = sourcecode.c.objc; path = SCRecoverManager.m; sourceTree = "<group>"; };
		D6AC0BB322D8A03D00FDE1C0 /* 1562928616807.mp4 */ = {isa = PBXFileReference; lastKnownFileType = file; path = 1562928616807.mp4; sourceTree = "<group>"; };
		D6AC0BB522D8A04B00FDE1C0 /* 1562928616807.wav */ = {isa = PBXFileReference; lastKnownFileType = audio.wav; path = 1562928616807.wav; sourceTree = "<group>"; };
		D6AC0BB722D8A75000FDE1C0 /* 1562930748136.mp4 */ = {isa = PBXFileReference; lastKnownFileType = file; path = 1562930748136.mp4; sourceTree = "<group>"; };
		D6AC0BB922D8A78B00FDE1C0 /* 1562930748136.wav */ = {isa = PBXFileReference; lastKnownFileType = audio.wav; path = 1562930748136.wav; sourceTree = "<group>"; };
		D6AC0BDC22D9D40000FDE1C0 /* ipad app-76.png */ = {isa = PBXFileReference; lastKnownFileType = image.png; path = "ipad app-76.png"; sourceTree = "<group>"; };
		D6C17AB222D4498400B080BA /* AV.app */ = {isa = PBXFileReference; explicitFileType = wrapper.application; includeInIndex = 0; path = AV.app; sourceTree = BUILT_PRODUCTS_DIR; };
		D6C17AB522D4498400B080BA /* AppDelegate.h */ = {isa = PBXFileReference; lastKnownFileType = sourcecode.c.h; path = AppDelegate.h; sourceTree = "<group>"; };
		D6C17AB622D4498400B080BA /* AppDelegate.m */ = {isa = PBXFileReference; lastKnownFileType = sourcecode.c.objc; path = AppDelegate.m; sourceTree = "<group>"; };
		D6C17AB822D4498400B080BA /* ViewController.h */ = {isa = PBXFileReference; lastKnownFileType = sourcecode.c.h; path = ViewController.h; sourceTree = "<group>"; };
		D6C17AB922D4498400B080BA /* ViewController.m */ = {isa = PBXFileReference; lastKnownFileType = sourcecode.c.objc; path = ViewController.m; sourceTree = "<group>"; };
		D6C17ABC22D4498400B080BA /* Base */ = {isa = PBXFileReference; lastKnownFileType = file.storyboard; name = Base; path = Base.lproj/Main.storyboard; sourceTree = "<group>"; };
		D6C17ABE22D4498500B080BA /* Assets.xcassets */ = {isa = PBXFileReference; lastKnownFileType = folder.assetcatalog; path = Assets.xcassets; sourceTree = "<group>"; };
		D6C17AC122D4498500B080BA /* Base */ = {isa = PBXFileReference; lastKnownFileType = file.storyboard; name = Base; path = Base.lproj/LaunchScreen.storyboard; sourceTree = "<group>"; };
		D6C17AC322D4498500B080BA /* Info.plist */ = {isa = PBXFileReference; lastKnownFileType = text.plist.xml; path = Info.plist; sourceTree = "<group>"; };
		D6C17AC422D4498500B080BA /* main.m */ = {isa = PBXFileReference; lastKnownFileType = sourcecode.c.objc; path = main.m; sourceTree = "<group>"; };
		D6C17ACB22D44A1100B080BA /* 1562641927402.mp4 */ = {isa = PBXFileReference; lastKnownFileType = file; path = 1562641927402.mp4; sourceTree = "<group>"; };
		D6C17ACD22D44A1800B080BA /* 1562641927402.wav */ = {isa = PBXFileReference; lastKnownFileType = audio.wav; path = 1562641927402.wav; sourceTree = "<group>"; };
		D6C17AD122D4BB0D00B080BA /* 1562663793812.mp4 */ = {isa = PBXFileReference; lastKnownFileType = file; path = 1562663793812.mp4; sourceTree = "<group>"; };
		D6C17AD322D4BB1B00B080BA /* 1562663793812.wav */ = {isa = PBXFileReference; lastKnownFileType = audio.wav; path = 1562663793812.wav; sourceTree = "<group>"; };
		D6C17AD522D5C35600B080BA /* 1562661992940.wav */ = {isa = PBXFileReference; lastKnownFileType = audio.wav; path = 1562661992940.wav; sourceTree = "<group>"; };
		D6C17AD722D5C35D00B080BA /* 1562661992940.mp4 */ = {isa = PBXFileReference; lastKnownFileType = file; path = 1562661992940.mp4; sourceTree = "<group>"; };
		D6C17AD822D5C36A00B080BA /* 1562662173010.wav */ = {isa = PBXFileReference; lastKnownFileType = audio.wav; path = 1562662173010.wav; sourceTree = "<group>"; };
		D6C17ADA22D5C37200B080BA /* 1562662173010.mp4 */ = {isa = PBXFileReference; lastKnownFileType = file; path = 1562662173010.mp4; sourceTree = "<group>"; };
		D6C17ADB22D5C37E00B080BA /* 1562662353087.wav */ = {isa = PBXFileReference; lastKnownFileType = audio.wav; path = 1562662353087.wav; sourceTree = "<group>"; };
		D6C17ADD22D5C38C00B080BA /* 1562662353087.mp4 */ = {isa = PBXFileReference; lastKnownFileType = file; path = 1562662353087.mp4; sourceTree = "<group>"; };
		D6C17AE322D5C3B400B080BA /* 1562663973911.mp4 */ = {isa = PBXFileReference; lastKnownFileType = file; path = 1562663973911.mp4; sourceTree = "<group>"; };
		D6C17AE522D5E5E900B080BA /* SCAVMixManager.h */ = {isa = PBXFileReference; lastKnownFileType = sourcecode.c.h; path = SCAVMixManager.h; sourceTree = "<group>"; };
		D6C17AE622D5E5E900B080BA /* SCAVMixManager.m */ = {isa = PBXFileReference; lastKnownFileType = sourcecode.c.objc; path = SCAVMixManager.m; sourceTree = "<group>"; };
		D6C17AF122D615E600B080BA /* SCAVMixHandler.h */ = {isa = PBXFileReference; fileEncoding = 4; lastKnownFileType = sourcecode.c.h; path = SCAVMixHandler.h; sourceTree = "<group>"; };
		D6C17AF222D615E600B080BA /* SCAVMixHandler.m */ = {isa = PBXFileReference; fileEncoding = 4; lastKnownFileType = sourcecode.c.objc; path = SCAVMixHandler.m; sourceTree = "<group>"; };
		D6CA9AC422D6D8300099C3B4 /* SCAVMixWorkItem.h */ = {isa = PBXFileReference; lastKnownFileType = sourcecode.c.h; path = SCAVMixWorkItem.h; sourceTree = "<group>"; };
		D6CA9AC522D6D8300099C3B4 /* SCAVMixWorkItem.m */ = {isa = PBXFileReference; lastKnownFileType = sourcecode.c.objc; path = SCAVMixWorkItem.m; sourceTree = "<group>"; };
		D6CA9AC722D723490099C3B4 /* SCSchedulePlaybackInfo.h */ = {isa = PBXFileReference; lastKnownFileType = sourcecode.c.h; path = SCSchedulePlaybackInfo.h; sourceTree = "<group>"; };
		D6CA9AC822D723490099C3B4 /* SCSchedulePlaybackInfo.m */ = {isa = PBXFileReference; lastKnownFileType = sourcecode.c.objc; path = SCSchedulePlaybackInfo.m; sourceTree = "<group>"; };
		D6E063A622E1957700FD0DA9 /* CoreDigest.h */ = {isa = PBXFileReference; lastKnownFileType = sourcecode.c.h; path = CoreDigest.h; sourceTree = "<group>"; };
		D6E063A722E1957700FD0DA9 /* CoreDigest.c */ = {isa = PBXFileReference; lastKnownFileType = sourcecode.c.c; path = CoreDigest.c; sourceTree = "<group>"; };
		D6E3DCBC22E0431400E3400E /* SCUploadManager.h */ = {isa = PBXFileReference; lastKnownFileType = sourcecode.c.h; path = SCUploadManager.h; sourceTree = "<group>"; };
		D6E3DCBD22E0431400E3400E /* SCUploadManager.m */ = {isa = PBXFileReference; lastKnownFileType = sourcecode.c.objc; path = SCUploadManager.m; sourceTree = "<group>"; };
/* End PBXFileReference section */

/* Begin PBXFrameworksBuildPhase section */
		D6C17AAF22D4498400B080BA /* Frameworks */ = {
			isa = PBXFrameworksBuildPhase;
			buildActionMask = 2147483647;
			files = (
			);
			runOnlyForDeploymentPostprocessing = 0;
		};
/* End PBXFrameworksBuildPhase section */

/* Begin PBXGroup section */
		D6C17AA922D4498400B080BA = {
			isa = PBXGroup;
			children = (
				D6C17AB422D4498400B080BA /* AV */,
				D6C17AB322D4498400B080BA /* Products */,
			);
			sourceTree = "<group>";
		};
		D6C17AB322D4498400B080BA /* Products */ = {
			isa = PBXGroup;
			children = (
				D6C17AB222D4498400B080BA /* AV.app */,
			);
			name = Products;
			sourceTree = "<group>";
		};
		D6C17AB422D4498400B080BA /* AV */ = {
			isa = PBXGroup;
			children = (
				D6E063A522E1956600FD0DA9 /* CoreDigest */,
				D6E3DCBF22E0442600E3400E /* Source */,
				D6AC0BB922D8A78B00FDE1C0 /* 1562930748136.wav */,
				D6AC0BB722D8A75000FDE1C0 /* 1562930748136.mp4 */,
				D6AC0BB522D8A04B00FDE1C0 /* 1562928616807.wav */,
				D6AC0BB322D8A03D00FDE1C0 /* 1562928616807.mp4 */,
				D6C17AE322D5C3B400B080BA /* 1562663973911.mp4 */,
				D6C17ADD22D5C38C00B080BA /* 1562662353087.mp4 */,
				D6C17ADB22D5C37E00B080BA /* 1562662353087.wav */,
				D6C17ADA22D5C37200B080BA /* 1562662173010.mp4 */,
				D6C17AD822D5C36A00B080BA /* 1562662173010.wav */,
				D6C17AD722D5C35D00B080BA /* 1562661992940.mp4 */,
				D6C17AD522D5C35600B080BA /* 1562661992940.wav */,
				D6C17AD322D4BB1B00B080BA /* 1562663793812.wav */,
				D6C17AD122D4BB0D00B080BA /* 1562663793812.mp4 */,
				D6C17ACD22D44A1800B080BA /* 1562641927402.wav */,
				D6C17ACB22D44A1100B080BA /* 1562641927402.mp4 */,
				D6C17AB522D4498400B080BA /* AppDelegate.h */,
				D6C17AB622D4498400B080BA /* AppDelegate.m */,
				D6C17AB822D4498400B080BA /* ViewController.h */,
				D6C17AB922D4498400B080BA /* ViewController.m */,
				D6C17ABB22D4498400B080BA /* Main.storyboard */,
				D6C17ABE22D4498500B080BA /* Assets.xcassets */,
				D6AC0BDC22D9D40000FDE1C0 /* ipad app-76.png */,
				D6C17AC022D4498500B080BA /* LaunchScreen.storyboard */,
				D6C17AC322D4498500B080BA /* Info.plist */,
				D6C17AC422D4498500B080BA /* main.m */,
			);
			path = AV;
			sourceTree = "<group>";
		};
		D6E063A522E1956600FD0DA9 /* CoreDigest */ = {
			isa = PBXGroup;
			children = (
				D6E063A622E1957700FD0DA9 /* CoreDigest.h */,
				D6E063A722E1957700FD0DA9 /* CoreDigest.c */,
			);
			path = CoreDigest;
			sourceTree = "<group>";
		};
		D6E3DCBF22E0442600E3400E /* Source */ = {
			isa = PBXGroup;
			children = (
				D6C17AE522D5E5E900B080BA /* SCAVMixManager.h */,
				D6C17AE622D5E5E900B080BA /* SCAVMixManager.m */,
				D6C17AF122D615E600B080BA /* SCAVMixHandler.h */,
				D6C17AF222D615E600B080BA /* SCAVMixHandler.m */,
				D6CA9AC422D6D8300099C3B4 /* SCAVMixWorkItem.h */,
				D6CA9AC522D6D8300099C3B4 /* SCAVMixWorkItem.m */,
				D6CA9AC722D723490099C3B4 /* SCSchedulePlaybackInfo.h */,
				D6CA9AC822D723490099C3B4 /* SCSchedulePlaybackInfo.m */,
				D65DE8D322D877EA006BEFAE /* SCRecoverManager.h */,
				D65DE8D422D877EA006BEFAE /* SCRecoverManager.m */,
				D6E3DCBC22E0431400E3400E /* SCUploadManager.h */,
				D6E3DCBD22E0431400E3400E /* SCUploadManager.m */,
			);
			path = Source;
			sourceTree = "<group>";
		};
/* End PBXGroup section */

/* Begin PBXNativeTarget section */
		D6C17AB122D4498400B080BA /* AV */ = {
			isa = PBXNativeTarget;
			buildConfigurationList = D6C17AC822D4498500B080BA /* Build configuration list for PBXNativeTarget "AV" */;
			buildPhases = (
				D6C17AAE22D4498400B080BA /* Sources */,
				D6C17AAF22D4498400B080BA /* Frameworks */,
				D6C17AB022D4498400B080BA /* Resources */,
			);
			buildRules = (
			);
			dependencies = (
			);
			name = AV;
			productName = AV;
			productReference = D6C17AB222D4498400B080BA /* AV.app */;
			productType = "com.apple.product-type.application";
		};
/* End PBXNativeTarget section */

/* Begin PBXProject section */
		D6C17AAA22D4498400B080BA /* Project object */ = {
			isa = PBXProject;
			attributes = {
				LastUpgradeCheck = 1020;
				ORGANIZATIONNAME = angfung;
				TargetAttributes = {
					D6C17AB122D4498400B080BA = {
						CreatedOnToolsVersion = 10.2;
					};
				};
			};
			buildConfigurationList = D6C17AAD22D4498400B080BA /* Build configuration list for PBXProject "AV" */;
			compatibilityVersion = "Xcode 9.3";
			developmentRegion = en;
			hasScannedForEncodings = 0;
			knownRegions = (
				en,
				Base,
			);
			mainGroup = D6C17AA922D4498400B080BA;
			productRefGroup = D6C17AB322D4498400B080BA /* Products */;
			projectDirPath = "";
			projectRoot = "";
			targets = (
				D6C17AB122D4498400B080BA /* AV */,
			);
		};
/* End PBXProject section */

/* Begin PBXResourcesBuildPhase section */
		D6C17AB022D4498400B080BA /* Resources */ = {
			isa = PBXResourcesBuildPhase;
			buildActionMask = 2147483647;
			files = (
				D6C17ADF22D5C39800B080BA /* 1562662173010.mp4 in Resources */,
				D6AC0BB422D8A03D00FDE1C0 /* 1562928616807.mp4 in Resources */,
				D6C17AE022D5C39800B080BA /* 1562661992940.mp4 in Resources */,
				D6C17AC222D4498500B080BA /* LaunchScreen.storyboard in Resources */,
				D6C17AE422D5C3B400B080BA /* 1562663973911.mp4 in Resources */,
				D6C17AD622D5C35700B080BA /* 1562661992940.wav in Resources */,
				D6C17ACC22D44A1100B080BA /* 1562641927402.mp4 in Resources */,
				D6AC0BDD22D9D40000FDE1C0 /* ipad app-76.png in Resources */,
				D6C17AD222D4BB0D00B080BA /* 1562663793812.mp4 in Resources */,
				D6C17ACE22D44A1800B080BA /* 1562641927402.wav in Resources */,
				D6C17AD422D4BB1B00B080BA /* 1562663793812.wav in Resources */,
				D6AC0BB622D8A04B00FDE1C0 /* 1562928616807.wav in Resources */,
				D6C17AD922D5C36A00B080BA /* 1562662173010.wav in Resources */,
				D6C17ADC22D5C37E00B080BA /* 1562662353087.wav in Resources */,
				D6AC0BB822D8A75100FDE1C0 /* 1562930748136.mp4 in Resources */,
				D6AC0BBA22D8A78B00FDE1C0 /* 1562930748136.wav in Resources */,
				D6C17ABF22D4498500B080BA /* Assets.xcassets in Resources */,
				D6C17ADE22D5C38C00B080BA /* 1562662353087.mp4 in Resources */,
				D6C17ABD22D4498400B080BA /* Main.storyboard in Resources */,
			);
			runOnlyForDeploymentPostprocessing = 0;
		};
/* End PBXResourcesBuildPhase section */

/* Begin PBXSourcesBuildPhase section */
		D6C17AAE22D4498400B080BA /* Sources */ = {
			isa = PBXSourcesBuildPhase;
			buildActionMask = 2147483647;
			files = (
				D6C17ABA22D4498400B080BA /* ViewController.m in Sources */,
				D65DE8D522D877EA006BEFAE /* SCRecoverManager.m in Sources */,
				D6CA9AC622D6D8300099C3B4 /* SCAVMixWorkItem.m in Sources */,
				D6C17AF322D615E600B080BA /* SCAVMixHandler.m in Sources */,
				D6C17AE722D5E5E900B080BA /* SCAVMixManager.m in Sources */,
				D6C17AC522D4498500B080BA /* main.m in Sources */,
				D6C17AB722D4498400B080BA /* AppDelegate.m in Sources */,
				D6CA9AC922D723490099C3B4 /* SCSchedulePlaybackInfo.m in Sources */,
				D6E063A822E1957700FD0DA9 /* CoreDigest.c in Sources */,
				D6E3DCBE22E0431400E3400E /* SCUploadManager.m in Sources */,
			);
			runOnlyForDeploymentPostprocessing = 0;
		};
/* End PBXSourcesBuildPhase section */

/* Begin PBXVariantGroup section */
		D6C17ABB22D4498400B080BA /* Main.storyboard */ = {
			isa = PBXVariantGroup;
			children = (
				D6C17ABC22D4498400B080BA /* Base */,
			);
			name = Main.storyboard;
			sourceTree = "<group>";
		};
		D6C17AC022D4498500B080BA /* LaunchScreen.storyboard */ = {
			isa = PBXVariantGroup;
			children = (
				D6C17AC122D4498500B080BA /* Base */,
			);
			name = LaunchScreen.storyboard;
			sourceTree = "<group>";
		};
/* End PBXVariantGroup section */

/* Begin XCBuildConfiguration section */
		D6C17AC622D4498500B080BA /* Debug */ = {
			isa = XCBuildConfiguration;
			buildSettings = {
				ALWAYS_SEARCH_USER_PATHS = NO;
				CLANG_ANALYZER_NONNULL = YES;
				CLANG_ANALYZER_NUMBER_OBJECT_CONVERSION = YES_AGGRESSIVE;
				CLANG_CXX_LANGUAGE_STANDARD = "gnu++14";
				CLANG_CXX_LIBRARY = "libc++";
				CLANG_ENABLE_MODULES = YES;
				CLANG_ENABLE_OBJC_ARC = YES;
				CLANG_ENABLE_OBJC_WEAK = YES;
				CLANG_WARN_BLOCK_CAPTURE_AUTORELEASING = YES;
				CLANG_WARN_BOOL_CONVERSION = YES;
				CLANG_WARN_COMMA = YES;
				CLANG_WARN_CONSTANT_CONVERSION = YES;
				CLANG_WARN_DEPRECATED_OBJC_IMPLEMENTATIONS = YES;
				CLANG_WARN_DIRECT_OBJC_ISA_USAGE = YES_ERROR;
				CLANG_WARN_DOCUMENTATION_COMMENTS = YES;
				CLANG_WARN_EMPTY_BODY = YES;
				CLANG_WARN_ENUM_CONVERSION = YES;
				CLANG_WARN_INFINITE_RECURSION = YES;
				CLANG_WARN_INT_CONVERSION = YES;
				CLANG_WARN_NON_LITERAL_NULL_CONVERSION = YES;
				CLANG_WARN_OBJC_IMPLICIT_RETAIN_SELF = YES;
				CLANG_WARN_OBJC_LITERAL_CONVERSION = YES;
				CLANG_WARN_OBJC_ROOT_CLASS = YES_ERROR;
				CLANG_WARN_RANGE_LOOP_ANALYSIS = YES;
				CLANG_WARN_STRICT_PROTOTYPES = YES;
				CLANG_WARN_SUSPICIOUS_MOVE = YES;
				CLANG_WARN_UNGUARDED_AVAILABILITY = YES_AGGRESSIVE;
				CLANG_WARN_UNREACHABLE_CODE = YES;
				CLANG_WARN__DUPLICATE_METHOD_MATCH = YES;
				CODE_SIGN_IDENTITY = "iPhone Developer";
				COPY_PHASE_STRIP = NO;
				DEBUG_INFORMATION_FORMAT = dwarf;
				ENABLE_STRICT_OBJC_MSGSEND = YES;
				ENABLE_TESTABILITY = YES;
				GCC_C_LANGUAGE_STANDARD = gnu11;
				GCC_DYNAMIC_NO_PIC = NO;
				GCC_NO_COMMON_BLOCKS = YES;
				GCC_OPTIMIZATION_LEVEL = 0;
				GCC_PREPROCESSOR_DEFINITIONS = (
					"DEBUG=1",
					"$(inherited)",
				);
				GCC_WARN_64_TO_32_BIT_CONVERSION = YES;
				GCC_WARN_ABOUT_RETURN_TYPE = YES_ERROR;
				GCC_WARN_UNDECLARED_SELECTOR = YES;
				GCC_WARN_UNINITIALIZED_AUTOS = YES_AGGRESSIVE;
				GCC_WARN_UNUSED_FUNCTION = YES;
				GCC_WARN_UNUSED_VARIABLE = YES;
				IPHONEOS_DEPLOYMENT_TARGET = 12.2;
				MTL_ENABLE_DEBUG_INFO = INCLUDE_SOURCE;
				MTL_FAST_MATH = YES;
				ONLY_ACTIVE_ARCH = YES;
				SDKROOT = iphoneos;
			};
			name = Debug;
		};
		D6C17AC722D4498500B080BA /* Release */ = {
			isa = XCBuildConfiguration;
			buildSettings = {
				ALWAYS_SEARCH_USER_PATHS = NO;
				CLANG_ANALYZER_NONNULL = YES;
				CLANG_ANALYZER_NUMBER_OBJECT_CONVERSION = YES_AGGRESSIVE;
				CLANG_CXX_LANGUAGE_STANDARD = "gnu++14";
				CLANG_CXX_LIBRARY = "libc++";
				CLANG_ENABLE_MODULES = YES;
				CLANG_ENABLE_OBJC_ARC = YES;
				CLANG_ENABLE_OBJC_WEAK = YES;
				CLANG_WARN_BLOCK_CAPTURE_AUTORELEASING = YES;
				CLANG_WARN_BOOL_CONVERSION = YES;
				CLANG_WARN_COMMA = YES;
				CLANG_WARN_CONSTANT_CONVERSION = YES;
				CLANG_WARN_DEPRECATED_OBJC_IMPLEMENTATIONS = YES;
				CLANG_WARN_DIRECT_OBJC_ISA_USAGE = YES_ERROR;
				CLANG_WARN_DOCUMENTATION_COMMENTS = YES;
				CLANG_WARN_EMPTY_BODY = YES;
				CLANG_WARN_ENUM_CONVERSION = YES;
				CLANG_WARN_INFINITE_RECURSION = YES;
				CLANG_WARN_INT_CONVERSION = YES;
				CLANG_WARN_NON_LITERAL_NULL_CONVERSION = YES;
				CLANG_WARN_OBJC_IMPLICIT_RETAIN_SELF = YES;
				CLANG_WARN_OBJC_LITERAL_CONVERSION = YES;
				CLANG_WARN_OBJC_ROOT_CLASS = YES_ERROR;
				CLANG_WARN_RANGE_LOOP_ANALYSIS = YES;
				CLANG_WARN_STRICT_PROTOTYPES = YES;
				CLANG_WARN_SUSPICIOUS_MOVE = YES;
				CLANG_WARN_UNGUARDED_AVAILABILITY = YES_AGGRESSIVE;
				CLANG_WARN_UNREACHABLE_CODE = YES;
				CLANG_WARN__DUPLICATE_METHOD_MATCH = YES;
				CODE_SIGN_IDENTITY = "iPhone Developer";
				COPY_PHASE_STRIP = NO;
				DEBUG_INFORMATION_FORMAT = "dwarf-with-dsym";
				ENABLE_NS_ASSERTIONS = NO;
				ENABLE_STRICT_OBJC_MSGSEND = YES;
				GCC_C_LANGUAGE_STANDARD = gnu11;
				GCC_NO_COMMON_BLOCKS = YES;
				GCC_WARN_64_TO_32_BIT_CONVERSION = YES;
				GCC_WARN_ABOUT_RETURN_TYPE = YES_ERROR;
				GCC_WARN_UNDECLARED_SELECTOR = YES;
				GCC_WARN_UNINITIALIZED_AUTOS = YES_AGGRESSIVE;
				GCC_WARN_UNUSED_FUNCTION = YES;
				GCC_WARN_UNUSED_VARIABLE = YES;
				IPHONEOS_DEPLOYMENT_TARGET = 12.2;
				MTL_ENABLE_DEBUG_INFO = NO;
				MTL_FAST_MATH = YES;
				SDKROOT = iphoneos;
				VALIDATE_PRODUCT = YES;
			};
			name = Release;
		};
		D6C17AC922D4498500B080BA /* Debug */ = {
			isa = XCBuildConfiguration;
			buildSettings = {
				ASSETCATALOG_COMPILER_APPICON_NAME = AppIcon;
				CODE_SIGN_STYLE = Manual;
				DEVELOPMENT_TEAM = SK32D8HW22;
				INFOPLIST_FILE = AV/Info.plist;
				IPHONEOS_DEPLOYMENT_TARGET = 12.0;
				LD_RUNPATH_SEARCH_PATHS = (
					"$(inherited)",
					"@executable_path/Frameworks",
				);
				PRODUCT_BUNDLE_IDENTIFIER = com.haoqi.superCoachingLecture;
				PRODUCT_NAME = "$(TARGET_NAME)";
				PROVISIONING_PROFILE_SPECIFIER = SuperCoachingLectureDev;
				TARGETED_DEVICE_FAMILY = "1,2";
			};
			name = Debug;
		};
		D6C17ACA22D4498500B080BA /* Release */ = {
			isa = XCBuildConfiguration;
			buildSettings = {
				ASSETCATALOG_COMPILER_APPICON_NAME = AppIcon;
				CODE_SIGN_STYLE = Manual;
				DEVELOPMENT_TEAM = SK32D8HW22;
				INFOPLIST_FILE = AV/Info.plist;
				IPHONEOS_DEPLOYMENT_TARGET = 12.0;
				LD_RUNPATH_SEARCH_PATHS = (
					"$(inherited)",
					"@executable_path/Frameworks",
				);
				PRODUCT_BUNDLE_IDENTIFIER = com.haoqi.superCoachingLecture;
				PRODUCT_NAME = "$(TARGET_NAME)";
				PROVISIONING_PROFILE_SPECIFIER = SuperCoachingLectureDev;
				TARGETED_DEVICE_FAMILY = "1,2";
			};
			name = Release;
		};
/* End XCBuildConfiguration section */

/* Begin XCConfigurationList section */
		D6C17AAD22D4498400B080BA /* Build configuration list for PBXProject "AV" */ = {
			isa = XCConfigurationList;
			buildConfigurations = (
				D6C17AC622D4498500B080BA /* Debug */,
				D6C17AC722D4498500B080BA /* Release */,
			);
			defaultConfigurationIsVisible = 0;
			defaultConfigurationName = Release;
		};
		D6C17AC822D4498500B080BA /* Build configuration list for PBXNativeTarget "AV" */ = {
			isa = XCConfigurationList;
			buildConfigurations = (
				D6C17AC922D4498500B080BA /* Debug */,
				D6C17ACA22D4498500B080BA /* Release */,
			);
			defaultConfigurationIsVisible = 0;
			defaultConfigurationName = Release;
		};
/* End XCConfigurationList section */
	};
	rootObject = D6C17AAA22D4498400B080BA /* Project object */;
}
