// !$*UTF8*$!
{
	archiveVersion = 1;
	classes = {
	};
	objectVersion = 50;
	objects = {

/* Begin PBXBuildFile section */
		D63CB4CC23688C6D00B005E7 /* AppDelegate.swift in Sources */ = {isa = PBXBuildFile; fileRef = D63CB4CB23688C6D00B005E7 /* AppDelegate.swift */; };
		D63CB4CE23688C6F00B005E7 /* Assets.xcassets in Resources */ = {isa = PBXBuildFile; fileRef = D63CB4CD23688C6F00B005E7 /* Assets.xcassets */; };
		D63CB4D123688C6F00B005E7 /* MainMenu.xib in Resources */ = {isa = PBXBuildFile; fileRef = D63CB4CF23688C6F00B005E7 /* MainMenu.xib */; };
		D63CB4DD23688C6F00B005E7 /* MyCombineTests.swift in Sources */ = {isa = PBXBuildFile; fileRef = D63CB4DC23688C6F00B005E7 /* MyCombineTests.swift */; };
		D63CB4E823688C6F00B005E7 /* MyCombineUITests.swift in Sources */ = {isa = PBXBuildFile; fileRef = D63CB4E723688C6F00B005E7 /* MyCombineUITests.swift */; };
/* End PBXBuildFile section */

/* Begin PBXContainerItemProxy section */
		D63CB4D923688C6F00B005E7 /* PBXContainerItemProxy */ = {
			isa = PBXContainerItemProxy;
			containerPortal = D63CB4C023688C6D00B005E7 /* Project object */;
			proxyType = 1;
			remoteGlobalIDString = D63CB4C723688C6D00B005E7;
			remoteInfo = MyCombine;
		};
		D63CB4E423688C6F00B005E7 /* PBXContainerItemProxy */ = {
			isa = PBXContainerItemProxy;
			containerPortal = D63CB4C023688C6D00B005E7 /* Project object */;
			proxyType = 1;
			remoteGlobalIDString = D63CB4C723688C6D00B005E7;
			remoteInfo = MyCombine;
		};
/* End PBXContainerItemProxy section */

/* Begin PBXFileReference section */
		D63CB4C823688C6D00B005E7 /* MyCombine.app */ = {isa = PBXFileReference; explicitFileType = wrapper.application; includeInIndex = 0; path = MyCombine.app; sourceTree = BUILT_PRODUCTS_DIR; };
		D63CB4CB23688C6D00B005E7 /* AppDelegate.swift */ = {isa = PBXFileReference; lastKnownFileType = sourcecode.swift; path = AppDelegate.swift; sourceTree = "<group>"; };
		D63CB4CD23688C6F00B005E7 /* Assets.xcassets */ = {isa = PBXFileReference; lastKnownFileType = folder.assetcatalog; path = Assets.xcassets; sourceTree = "<group>"; };
		D63CB4D023688C6F00B005E7 /* Base */ = {isa = PBXFileReference; lastKnownFileType = file.xib; name = Base; path = Base.lproj/MainMenu.xib; sourceTree = "<group>"; };
		D63CB4D223688C6F00B005E7 /* Info.plist */ = {isa = PBXFileReference; lastKnownFileType = text.plist.xml; path = Info.plist; sourceTree = "<group>"; };
		D63CB4D323688C6F00B005E7 /* MyCombine.entitlements */ = {isa = PBXFileReference; lastKnownFileType = text.plist.entitlements; path = MyCombine.entitlements; sourceTree = "<group>"; };
		D63CB4D823688C6F00B005E7 /* MyCombineTests.xctest */ = {isa = PBXFileReference; explicitFileType = wrapper.cfbundle; includeInIndex = 0; path = MyCombineTests.xctest; sourceTree = BUILT_PRODUCTS_DIR; };
		D63CB4DC23688C6F00B005E7 /* MyCombineTests.swift */ = {isa = PBXFileReference; lastKnownFileType = sourcecode.swift; path = MyCombineTests.swift; sourceTree = "<group>"; };
		D63CB4DE23688C6F00B005E7 /* Info.plist */ = {isa = PBXFileReference; lastKnownFileType = text.plist.xml; path = Info.plist; sourceTree = "<group>"; };
		D63CB4E323688C6F00B005E7 /* MyCombineUITests.xctest */ = {isa = PBXFileReference; explicitFileType = wrapper.cfbundle; includeInIndex = 0; path = MyCombineUITests.xctest; sourceTree = BUILT_PRODUCTS_DIR; };
		D63CB4E723688C6F00B005E7 /* MyCombineUITests.swift */ = {isa = PBXFileReference; lastKnownFileType = sourcecode.swift; path = MyCombineUITests.swift; sourceTree = "<group>"; };
		D63CB4E923688C6F00B005E7 /* Info.plist */ = {isa = PBXFileReference; lastKnownFileType = text.plist.xml; path = Info.plist; sourceTree = "<group>"; };
/* End PBXFileReference section */

/* Begin PBXFrameworksBuildPhase section */
		D63CB4C523688C6D00B005E7 /* Frameworks */ = {
			isa = PBXFrameworksBuildPhase;
			buildActionMask = 2147483647;
			files = (
			);
			runOnlyForDeploymentPostprocessing = 0;
		};
		D63CB4D523688C6F00B005E7 /* Frameworks */ = {
			isa = PBXFrameworksBuildPhase;
			buildActionMask = 2147483647;
			files = (
			);
			runOnlyForDeploymentPostprocessing = 0;
		};
		D63CB4E023688C6F00B005E7 /* Frameworks */ = {
			isa = PBXFrameworksBuildPhase;
			buildActionMask = 2147483647;
			files = (
			);
			runOnlyForDeploymentPostprocessing = 0;
		};
/* End PBXFrameworksBuildPhase section */

/* Begin PBXGroup section */
		D63CB4BF23688C6D00B005E7 = {
			isa = PBXGroup;
			children = (
				D63CB4CA23688C6D00B005E7 /* MyCombine */,
				D63CB4DB23688C6F00B005E7 /* MyCombineTests */,
				D63CB4E623688C6F00B005E7 /* MyCombineUITests */,
				D63CB4C923688C6D00B005E7 /* Products */,
			);
			sourceTree = "<group>";
		};
		D63CB4C923688C6D00B005E7 /* Products */ = {
			isa = PBXGroup;
			children = (
				D63CB4C823688C6D00B005E7 /* MyCombine.app */,
				D63CB4D823688C6F00B005E7 /* MyCombineTests.xctest */,
				D63CB4E323688C6F00B005E7 /* MyCombineUITests.xctest */,
			);
			name = Products;
			sourceTree = "<group>";
		};
		D63CB4CA23688C6D00B005E7 /* MyCombine */ = {
			isa = PBXGroup;
			children = (
				D63CB4CB23688C6D00B005E7 /* AppDelegate.swift */,
				D63CB4CD23688C6F00B005E7 /* Assets.xcassets */,
				D63CB4CF23688C6F00B005E7 /* MainMenu.xib */,
				D63CB4D223688C6F00B005E7 /* Info.plist */,
				D63CB4D323688C6F00B005E7 /* MyCombine.entitlements */,
			);
			path = MyCombine;
			sourceTree = "<group>";
		};
		D63CB4DB23688C6F00B005E7 /* MyCombineTests */ = {
			isa = PBXGroup;
			children = (
				D63CB4DC23688C6F00B005E7 /* MyCombineTests.swift */,
				D63CB4DE23688C6F00B005E7 /* Info.plist */,
			);
			path = MyCombineTests;
			sourceTree = "<group>";
		};
		D63CB4E623688C6F00B005E7 /* MyCombineUITests */ = {
			isa = PBXGroup;
			children = (
				D63CB4E723688C6F00B005E7 /* MyCombineUITests.swift */,
				D63CB4E923688C6F00B005E7 /* Info.plist */,
			);
			path = MyCombineUITests;
			sourceTree = "<group>";
		};
/* End PBXGroup section */

/* Begin PBXNativeTarget section */
		D63CB4C723688C6D00B005E7 /* MyCombine */ = {
			isa = PBXNativeTarget;
			buildConfigurationList = D63CB4EC23688C7000B005E7 /* Build configuration list for PBXNativeTarget "MyCombine" */;
			buildPhases = (
				D63CB4C423688C6D00B005E7 /* Sources */,
				D63CB4C523688C6D00B005E7 /* Frameworks */,
				D63CB4C623688C6D00B005E7 /* Resources */,
			);
			buildRules = (
			);
			dependencies = (
			);
			name = MyCombine;
			productName = MyCombine;
			productReference = D63CB4C823688C6D00B005E7 /* MyCombine.app */;
			productType = "com.apple.product-type.application";
		};
		D63CB4D723688C6F00B005E7 /* MyCombineTests */ = {
			isa = PBXNativeTarget;
			buildConfigurationList = D63CB4EF23688C7000B005E7 /* Build configuration list for PBXNativeTarget "MyCombineTests" */;
			buildPhases = (
				D63CB4D423688C6F00B005E7 /* Sources */,
				D63CB4D523688C6F00B005E7 /* Frameworks */,
				D63CB4D623688C6F00B005E7 /* Resources */,
			);
			buildRules = (
			);
			dependencies = (
				D63CB4DA23688C6F00B005E7 /* PBXTargetDependency */,
			);
			name = MyCombineTests;
			productName = MyCombineTests;
			productReference = D63CB4D823688C6F00B005E7 /* MyCombineTests.xctest */;
			productType = "com.apple.product-type.bundle.unit-test";
		};
		D63CB4E223688C6F00B005E7 /* MyCombineUITests */ = {
			isa = PBXNativeTarget;
			buildConfigurationList = D63CB4F223688C7000B005E7 /* Build configuration list for PBXNativeTarget "MyCombineUITests" */;
			buildPhases = (
				D63CB4DF23688C6F00B005E7 /* Sources */,
				D63CB4E023688C6F00B005E7 /* Frameworks */,
				D63CB4E123688C6F00B005E7 /* Resources */,
			);
			buildRules = (
			);
			dependencies = (
				D63CB4E523688C6F00B005E7 /* PBXTargetDependency */,
			);
			name = MyCombineUITests;
			productName = MyCombineUITests;
			productReference = D63CB4E323688C6F00B005E7 /* MyCombineUITests.xctest */;
			productType = "com.apple.product-type.bundle.ui-testing";
		};
/* End PBXNativeTarget section */

/* Begin PBXProject section */
		D63CB4C023688C6D00B005E7 /* Project object */ = {
			isa = PBXProject;
			attributes = {
				LastSwiftUpdateCheck = 1100;
				LastUpgradeCheck = 1100;
				ORGANIZATIONNAME = vector;
				TargetAttributes = {
					D63CB4C723688C6D00B005E7 = {
						CreatedOnToolsVersion = 11.0;
					};
					D63CB4D723688C6F00B005E7 = {
						CreatedOnToolsVersion = 11.0;
						TestTargetID = D63CB4C723688C6D00B005E7;
					};
					D63CB4E223688C6F00B005E7 = {
						CreatedOnToolsVersion = 11.0;
						TestTargetID = D63CB4C723688C6D00B005E7;
					};
				};
			};
			buildConfigurationList = D63CB4C323688C6D00B005E7 /* Build configuration list for PBXProject "MyCombine" */;
			compatibilityVersion = "Xcode 9.3";
			developmentRegion = en;
			hasScannedForEncodings = 0;
			knownRegions = (
				en,
				Base,
			);
			mainGroup = D63CB4BF23688C6D00B005E7;
			productRefGroup = D63CB4C923688C6D00B005E7 /* Products */;
			projectDirPath = "";
			projectRoot = "";
			targets = (
				D63CB4C723688C6D00B005E7 /* MyCombine */,
				D63CB4D723688C6F00B005E7 /* MyCombineTests */,
				D63CB4E223688C6F00B005E7 /* MyCombineUITests */,
			);
		};
/* End PBXProject section */

/* Begin PBXResourcesBuildPhase section */
		D63CB4C623688C6D00B005E7 /* Resources */ = {
			isa = PBXResourcesBuildPhase;
			buildActionMask = 2147483647;
			files = (
				D63CB4CE23688C6F00B005E7 /* Assets.xcassets in Resources */,
				D63CB4D123688C6F00B005E7 /* MainMenu.xib in Resources */,
			);
			runOnlyForDeploymentPostprocessing = 0;
		};
		D63CB4D623688C6F00B005E7 /* Resources */ = {
			isa = PBXResourcesBuildPhase;
			buildActionMask = 2147483647;
			files = (
			);
			runOnlyForDeploymentPostprocessing = 0;
		};
		D63CB4E123688C6F00B005E7 /* Resources */ = {
			isa = PBXResourcesBuildPhase;
			buildActionMask = 2147483647;
			files = (
			);
			runOnlyForDeploymentPostprocessing = 0;
		};
/* End PBXResourcesBuildPhase section */

/* Begin PBXSourcesBuildPhase section */
		D63CB4C423688C6D00B005E7 /* Sources */ = {
			isa = PBXSourcesBuildPhase;
			buildActionMask = 2147483647;
			files = (
				D63CB4CC23688C6D00B005E7 /* AppDelegate.swift in Sources */,
			);
			runOnlyForDeploymentPostprocessing = 0;
		};
		D63CB4D423688C6F00B005E7 /* Sources */ = {
			isa = PBXSourcesBuildPhase;
			buildActionMask = 2147483647;
			files = (
				D63CB4DD23688C6F00B005E7 /* MyCombineTests.swift in Sources */,
			);
			runOnlyForDeploymentPostprocessing = 0;
		};
		D63CB4DF23688C6F00B005E7 /* Sources */ = {
			isa = PBXSourcesBuildPhase;
			buildActionMask = 2147483647;
			files = (
				D63CB4E823688C6F00B005E7 /* MyCombineUITests.swift in Sources */,
			);
			runOnlyForDeploymentPostprocessing = 0;
		};
/* End PBXSourcesBuildPhase section */

/* Begin PBXTargetDependency section */
		D63CB4DA23688C6F00B005E7 /* PBXTargetDependency */ = {
			isa = PBXTargetDependency;
			target = D63CB4C723688C6D00B005E7 /* MyCombine */;
			targetProxy = D63CB4D923688C6F00B005E7 /* PBXContainerItemProxy */;
		};
		D63CB4E523688C6F00B005E7 /* PBXTargetDependency */ = {
			isa = PBXTargetDependency;
			target = D63CB4C723688C6D00B005E7 /* MyCombine */;
			targetProxy = D63CB4E423688C6F00B005E7 /* PBXContainerItemProxy */;
		};
/* End PBXTargetDependency section */

/* Begin PBXVariantGroup section */
		D63CB4CF23688C6F00B005E7 /* MainMenu.xib */ = {
			isa = PBXVariantGroup;
			children = (
				D63CB4D023688C6F00B005E7 /* Base */,
			);
			name = MainMenu.xib;
			sourceTree = "<group>";
		};
/* End PBXVariantGroup section */

/* Begin XCBuildConfiguration section */
		D63CB4EA23688C7000B005E7 /* Debug */ = {
			isa = XCBuildConfiguration;
			buildSettings = {
				ALWAYS_SEARCH_USER_PATHS = NO;
				CLANG_ANALYZER_NONNULL = YES;
				CLANG_ANALYZER_NUMBER_OBJECT_CONVERSION = YES_AGGRESSIVE;
				CLANG_CXX_LANGUAGE_STANDARD = "gnu++14";
				CLANG_CXX_LIBRARY = "libc++";
				CLANG_ENABLE_MODULES = YES;
				CLANG_ENABLE_OBJC_ARC = YES;
				CLANG_ENABLE_OBJC_WEAK = YES;
				CLANG_WARN_BLOCK_CAPTURE_AUTORELEASING = YES;
				CLANG_WARN_BOOL_CONVERSION = YES;
				CLANG_WARN_COMMA = YES;
				CLANG_WARN_CONSTANT_CONVERSION = YES;
				CLANG_WARN_DEPRECATED_OBJC_IMPLEMENTATIONS = YES;
				CLANG_WARN_DIRECT_OBJC_ISA_USAGE = YES_ERROR;
				CLANG_WARN_DOCUMENTATION_COMMENTS = YES;
				CLANG_WARN_EMPTY_BODY = YES;
				CLANG_WARN_ENUM_CONVERSION = YES;
				CLANG_WARN_INFINITE_RECURSION = YES;
				CLANG_WARN_INT_CONVERSION = YES;
				CLANG_WARN_NON_LITERAL_NULL_CONVERSION = YES;
				CLANG_WARN_OBJC_IMPLICIT_RETAIN_SELF = YES;
				CLANG_WARN_OBJC_LITERAL_CONVERSION = YES;
				CLANG_WARN_OBJC_ROOT_CLASS = YES_ERROR;
				CLANG_WARN_RANGE_LOOP_ANALYSIS = YES;
				CLANG_WARN_STRICT_PROTOTYPES = YES;
				CLANG_WARN_SUSPICIOUS_MOVE = YES;
				CLANG_WARN_UNGUARDED_AVAILABILITY = YES_AGGRESSIVE;
				CLANG_WARN_UNREACHABLE_CODE = YES;
				CLANG_WARN__DUPLICATE_METHOD_MATCH = YES;
				COPY_PHASE_STRIP = NO;
				DEBUG_INFORMATION_FORMAT = dwarf;
				ENABLE_STRICT_OBJC_MSGSEND = YES;
				ENABLE_TESTABILITY = YES;
				GCC_C_LANGUAGE_STANDARD = gnu11;
				GCC_DYNAMIC_NO_PIC = NO;
				GCC_NO_COMMON_BLOCKS = YES;
				GCC_OPTIMIZATION_LEVEL = 0;
				GCC_PREPROCESSOR_DEFINITIONS = (
					"DEBUG=1",
					"$(inherited)",
				);
				GCC_WARN_64_TO_32_BIT_CONVERSION = YES;
				GCC_WARN_ABOUT_RETURN_TYPE = YES_ERROR;
				GCC_WARN_UNDECLARED_SELECTOR = YES;
				GCC_WARN_UNINITIALIZED_AUTOS = YES_AGGRESSIVE;
				GCC_WARN_UNUSED_FUNCTION = YES;
				GCC_WARN_UNUSED_VARIABLE = YES;
				MACOSX_DEPLOYMENT_TARGET = 10.14;
				MTL_ENABLE_DEBUG_INFO = INCLUDE_SOURCE;
				MTL_FAST_MATH = YES;
				ONLY_ACTIVE_ARCH = YES;
				SDKROOT = macosx;
				SWIFT_ACTIVE_COMPILATION_CONDITIONS = DEBUG;
				SWIFT_OPTIMIZATION_LEVEL = "-Onone";
			};
			name = Debug;
		};
		D63CB4EB23688C7000B005E7 /* Release */ = {
			isa = XCBuildConfiguration;
			buildSettings = {
				ALWAYS_SEARCH_USER_PATHS = NO;
				CLANG_ANALYZER_NONNULL = YES;
				CLANG_ANALYZER_NUMBER_OBJECT_CONVERSION = YES_AGGRESSIVE;
				CLANG_CXX_LANGUAGE_STANDARD = "gnu++14";
				CLANG_CXX_LIBRARY = "libc++";
				CLANG_ENABLE_MODULES = YES;
				CLANG_ENABLE_OBJC_ARC = YES;
				CLANG_ENABLE_OBJC_WEAK = YES;
				CLANG_WARN_BLOCK_CAPTURE_AUTORELEASING = YES;
				CLANG_WARN_BOOL_CONVERSION = YES;
				CLANG_WARN_COMMA = YES;
				CLANG_WARN_CONSTANT_CONVERSION = YES;
				CLANG_WARN_DEPRECATED_OBJC_IMPLEMENTATIONS = YES;
				CLANG_WARN_DIRECT_OBJC_ISA_USAGE = YES_ERROR;
				CLANG_WARN_DOCUMENTATION_COMMENTS = YES;
				CLANG_WARN_EMPTY_BODY = YES;
				CLANG_WARN_ENUM_CONVERSION = YES;
				CLANG_WARN_INFINITE_RECURSION = YES;
				CLANG_WARN_INT_CONVERSION = YES;
				CLANG_WARN_NON_LITERAL_NULL_CONVERSION = YES;
				CLANG_WARN_OBJC_IMPLICIT_RETAIN_SELF = YES;
				CLANG_WARN_OBJC_LITERAL_CONVERSION = YES;
				CLANG_WARN_OBJC_ROOT_CLASS = YES_ERROR;
				CLANG_WARN_RANGE_LOOP_ANALYSIS = YES;
				CLANG_WARN_STRICT_PROTOTYPES = YES;
				CLANG_WARN_SUSPICIOUS_MOVE = YES;
				CLANG_WARN_UNGUARDED_AVAILABILITY = YES_AGGRESSIVE;
				CLANG_WARN_UNREACHABLE_CODE = YES;
				CLANG_WARN__DUPLICATE_METHOD_MATCH = YES;
				COPY_PHASE_STRIP = NO;
				DEBUG_INFORMATION_FORMAT = "dwarf-with-dsym";
				ENABLE_NS_ASSERTIONS = NO;
				ENABLE_STRICT_OBJC_MSGSEND = YES;
				GCC_C_LANGUAGE_STANDARD = gnu11;
				GCC_NO_COMMON_BLOCKS = YES;
				GCC_WARN_64_TO_32_BIT_CONVERSION = YES;
				GCC_WARN_ABOUT_RETURN_TYPE = YES_ERROR;
				GCC_WARN_UNDECLARED_SELECTOR = YES;
				GCC_WARN_UNINITIALIZED_AUTOS = YES_AGGRESSIVE;
				GCC_WARN_UNUSED_FUNCTION = YES;
				GCC_WARN_UNUSED_VARIABLE = YES;
				MACOSX_DEPLOYMENT_TARGET = 10.14;
				MTL_ENABLE_DEBUG_INFO = NO;
				MTL_FAST_MATH = YES;
				SDKROOT = macosx;
				SWIFT_COMPILATION_MODE = wholemodule;
				SWIFT_OPTIMIZATION_LEVEL = "-O";
			};
			name = Release;
		};
		D63CB4ED23688C7000B005E7 /* Debug */ = {
			isa = XCBuildConfiguration;
			buildSettings = {
				ASSETCATALOG_COMPILER_APPICON_NAME = AppIcon;
				CODE_SIGN_ENTITLEMENTS = MyCombine/MyCombine.entitlements;
				CODE_SIGN_STYLE = Automatic;
				COMBINE_HIDPI_IMAGES = YES;
				INFOPLIST_FILE = MyCombine/Info.plist;
				LD_RUNPATH_SEARCH_PATHS = (
					"$(inherited)",
					"@executable_path/../Frameworks",
				);
				PRODUCT_BUNDLE_IDENTIFIER = com.angfung.MyCombine;
				PRODUCT_NAME = "$(TARGET_NAME)";
				SWIFT_VERSION = 5.0;
			};
			name = Debug;
		};
		D63CB4EE23688C7000B005E7 /* Release */ = {
			isa = XCBuildConfiguration;
			buildSettings = {
				ASSETCATALOG_COMPILER_APPICON_NAME = AppIcon;
				CODE_SIGN_ENTITLEMENTS = MyCombine/MyCombine.entitlements;
				CODE_SIGN_STYLE = Automatic;
				COMBINE_HIDPI_IMAGES = YES;
				INFOPLIST_FILE = MyCombine/Info.plist;
				LD_RUNPATH_SEARCH_PATHS = (
					"$(inherited)",
					"@executable_path/../Frameworks",
				);
				PRODUCT_BUNDLE_IDENTIFIER = com.angfung.MyCombine;
				PRODUCT_NAME = "$(TARGET_NAME)";
				SWIFT_VERSION = 5.0;
			};
			name = Release;
		};
		D63CB4F023688C7000B005E7 /* Debug */ = {
			isa = XCBuildConfiguration;
			buildSettings = {
				ALWAYS_EMBED_SWIFT_STANDARD_LIBRARIES = YES;
				BUNDLE_LOADER = "$(TEST_HOST)";
				CODE_SIGN_STYLE = Automatic;
				COMBINE_HIDPI_IMAGES = YES;
				INFOPLIST_FILE = MyCombineTests/Info.plist;
				LD_RUNPATH_SEARCH_PATHS = (
					"$(inherited)",
					"@executable_path/../Frameworks",
					"@loader_path/../Frameworks",
				);
				MACOSX_DEPLOYMENT_TARGET = 10.14;
				PRODUCT_BUNDLE_IDENTIFIER = com.angfung.MyCombineTests;
				PRODUCT_NAME = "$(TARGET_NAME)";
				SWIFT_VERSION = 5.0;
				TEST_HOST = "$(BUILT_PRODUCTS_DIR)/MyCombine.app/Contents/MacOS/MyCombine";
			};
			name = Debug;
		};
		D63CB4F123688C7000B005E7 /* Release */ = {
			isa = XCBuildConfiguration;
			buildSettings = {
				ALWAYS_EMBED_SWIFT_STANDARD_LIBRARIES = YES;
				BUNDLE_LOADER = "$(TEST_HOST)";
				CODE_SIGN_STYLE = Automatic;
				COMBINE_HIDPI_IMAGES = YES;
				INFOPLIST_FILE = MyCombineTests/Info.plist;
				LD_RUNPATH_SEARCH_PATHS = (
					"$(inherited)",
					"@executable_path/../Frameworks",
					"@loader_path/../Frameworks",
				);
				MACOSX_DEPLOYMENT_TARGET = 10.14;
				PRODUCT_BUNDLE_IDENTIFIER = com.angfung.MyCombineTests;
				PRODUCT_NAME = "$(TARGET_NAME)";
				SWIFT_VERSION = 5.0;
				TEST_HOST = "$(BUILT_PRODUCTS_DIR)/MyCombine.app/Contents/MacOS/MyCombine";
			};
			name = Release;
		};
		D63CB4F323688C7000B005E7 /* Debug */ = {
			isa = XCBuildConfiguration;
			buildSettings = {
				ALWAYS_EMBED_SWIFT_STANDARD_LIBRARIES = YES;
				CODE_SIGN_STYLE = Automatic;
				COMBINE_HIDPI_IMAGES = YES;
				INFOPLIST_FILE = MyCombineUITests/Info.plist;
				LD_RUNPATH_SEARCH_PATHS = (
					"$(inherited)",
					"@executable_path/../Frameworks",
					"@loader_path/../Frameworks",
				);
				PRODUCT_BUNDLE_IDENTIFIER = com.angfung.MyCombineUITests;
				PRODUCT_NAME = "$(TARGET_NAME)";
				SWIFT_VERSION = 5.0;
				TEST_TARGET_NAME = MyCombine;
			};
			name = Debug;
		};
		D63CB4F423688C7000B005E7 /* Release */ = {
			isa = XCBuildConfiguration;
			buildSettings = {
				ALWAYS_EMBED_SWIFT_STANDARD_LIBRARIES = YES;
				CODE_SIGN_STYLE = Automatic;
				COMBINE_HIDPI_IMAGES = YES;
				INFOPLIST_FILE = MyCombineUITests/Info.plist;
				LD_RUNPATH_SEARCH_PATHS = (
					"$(inherited)",
					"@executable_path/../Frameworks",
					"@loader_path/../Frameworks",
				);
				PRODUCT_BUNDLE_IDENTIFIER = com.angfung.MyCombineUITests;
				PRODUCT_NAME = "$(TARGET_NAME)";
				SWIFT_VERSION = 5.0;
				TEST_TARGET_NAME = MyCombine;
			};
			name = Release;
		};
/* End XCBuildConfiguration section */

/* Begin XCConfigurationList section */
		D63CB4C323688C6D00B005E7 /* Build configuration list for PBXProject "MyCombine" */ = {
			isa = XCConfigurationList;
			buildConfigurations = (
				D63CB4EA23688C7000B005E7 /* Debug */,
				D63CB4EB23688C7000B005E7 /* Release */,
			);
			defaultConfigurationIsVisible = 0;
			defaultConfigurationName = Release;
		};
		D63CB4EC23688C7000B005E7 /* Build configuration list for PBXNativeTarget "MyCombine" */ = {
			isa = XCConfigurationList;
			buildConfigurations = (
				D63CB4ED23688C7000B005E7 /* Debug */,
				D63CB4EE23688C7000B005E7 /* Release */,
			);
			defaultConfigurationIsVisible = 0;
			defaultConfigurationName = Release;
		};
		D63CB4EF23688C7000B005E7 /* Build configuration list for PBXNativeTarget "MyCombineTests" */ = {
			isa = XCConfigurationList;
			buildConfigurations = (
				D63CB4F023688C7000B005E7 /* Debug */,
				D63CB4F123688C7000B005E7 /* Release */,
			);
			defaultConfigurationIsVisible = 0;
			defaultConfigurationName = Release;
		};
		D63CB4F223688C7000B005E7 /* Build configuration list for PBXNativeTarget "MyCombineUITests" */ = {
			isa = XCConfigurationList;
			buildConfigurations = (
				D63CB4F323688C7000B005E7 /* Debug */,
				D63CB4F423688C7000B005E7 /* Release */,
			);
			defaultConfigurationIsVisible = 0;
			defaultConfigurationName = Release;
		};
/* End XCConfigurationList section */
	};
	rootObject = D63CB4C023688C6D00B005E7 /* Project object */;
}
