// !$*UTF8*$!
{
	archiveVersion = 1;
	classes = {
	};
	objectVersion = 50;
	objects = {

/* Begin PBXBuildFile section */
		D6BDA29A2367D6E90008879E /* AppDelegate.swift in Sources */ = {isa = PBXBuildFile; fileRef = D6BDA2992367D6E90008879E /* AppDelegate.swift */; };
		D6BDA29C2367D6E90008879E /* SceneDelegate.swift in Sources */ = {isa = PBXBuildFile; fileRef = D6BDA29B2367D6E90008879E /* SceneDelegate.swift */; };
		D6BDA29E2367D6E90008879E /* ViewController.swift in Sources */ = {isa = PBXBuildFile; fileRef = D6BDA29D2367D6E90008879E /* ViewController.swift */; };
		D6BDA2A12367D6E90008879E /* Main.storyboard in Resources */ = {isa = PBXBuildFile; fileRef = D6BDA29F2367D6E90008879E /* Main.storyboard */; };
		D6BDA2A32367D6EA0008879E /* Assets.xcassets in Resources */ = {isa = PBXBuildFile; fileRef = D6BDA2A22367D6EA0008879E /* Assets.xcassets */; };
		D6BDA2A62367D6EA0008879E /* LaunchScreen.storyboard in Resources */ = {isa = PBXBuildFile; fileRef = D6BDA2A42367D6EA0008879E /* LaunchScreen.storyboard */; };
		D6F4A3D2248B8DA3007923C9 /* Linear.swift in Sources */ = {isa = PBXBuildFile; fileRef = D6F4A3D1248B8DA3007923C9 /* Linear.swift */; };
/* End PBXBuildFile section */

/* Begin PBXFileReference section */
		D6BDA2962367D6E90008879E /* Linear.app */ = {isa = PBXFileReference; explicitFileType = wrapper.application; includeInIndex = 0; path = Linear.app; sourceTree = BUILT_PRODUCTS_DIR; };
		D6BDA2992367D6E90008879E /* AppDelegate.swift */ = {isa = PBXFileReference; lastKnownFileType = sourcecode.swift; path = AppDelegate.swift; sourceTree = "<group>"; };
		D6BDA29B2367D6E90008879E /* SceneDelegate.swift */ = {isa = PBXFileReference; lastKnownFileType = sourcecode.swift; path = SceneDelegate.swift; sourceTree = "<group>"; };
		D6BDA29D2367D6E90008879E /* ViewController.swift */ = {isa = PBXFileReference; lastKnownFileType = sourcecode.swift; path = ViewController.swift; sourceTree = "<group>"; };
		D6BDA2A02367D6E90008879E /* Base */ = {isa = PBXFileReference; lastKnownFileType = file.storyboard; name = Base; path = Base.lproj/Main.storyboard; sourceTree = "<group>"; };
		D6BDA2A22367D6EA0008879E /* Assets.xcassets */ = {isa = PBXFileReference; lastKnownFileType = folder.assetcatalog; path = Assets.xcassets; sourceTree = "<group>"; };
		D6BDA2A52367D6EA0008879E /* Base */ = {isa = PBXFileReference; lastKnownFileType = file.storyboard; name = Base; path = Base.lproj/LaunchScreen.storyboard; sourceTree = "<group>"; };
		D6BDA2A72367D6EA0008879E /* Info.plist */ = {isa = PBXFileReference; lastKnownFileType = text.plist.xml; path = Info.plist; sourceTree = "<group>"; };
		D6F4A3D1248B8DA3007923C9 /* Linear.swift */ = {isa = PBXFileReference; lastKnownFileType = sourcecode.swift; path = Linear.swift; sourceTree = "<group>"; };
/* End PBXFileReference section */

/* Begin PBXFrameworksBuildPhase section */
		D6BDA2932367D6E90008879E /* Frameworks */ = {
			isa = PBXFrameworksBuildPhase;
			buildActionMask = 2147483647;
			files = (
			);
			runOnlyForDeploymentPostprocessing = 0;
		};
/* End PBXFrameworksBuildPhase section */

/* Begin PBXGroup section */
		D6BDA28D2367D6E90008879E = {
			isa = PBXGroup;
			children = (
				D6BDA2AD2367D7F70008879E /* Source */,
				D6BDA2982367D6E90008879E /* Linear */,
				D6BDA2972367D6E90008879E /* Products */,
			);
			sourceTree = "<group>";
		};
		D6BDA2972367D6E90008879E /* Products */ = {
			isa = PBXGroup;
			children = (
				D6BDA2962367D6E90008879E /* Linear.app */,
			);
			name = Products;
			sourceTree = "<group>";
		};
		D6BDA2982367D6E90008879E /* Linear */ = {
			isa = PBXGroup;
			children = (
				D6BDA2992367D6E90008879E /* AppDelegate.swift */,
				D6BDA29B2367D6E90008879E /* SceneDelegate.swift */,
				D6BDA29D2367D6E90008879E /* ViewController.swift */,
				D6BDA29F2367D6E90008879E /* Main.storyboard */,
				D6BDA2A22367D6EA0008879E /* Assets.xcassets */,
				D6BDA2A42367D6EA0008879E /* LaunchScreen.storyboard */,
				D6BDA2A72367D6EA0008879E /* Info.plist */,
			);
			path = Linear;
			sourceTree = "<group>";
		};
		D6BDA2AD2367D7F70008879E /* Source */ = {
			isa = PBXGroup;
			children = (
				D6F4A3D1248B8DA3007923C9 /* Linear.swift */,
			);
			path = Source;
			sourceTree = "<group>";
		};
/* End PBXGroup section */

/* Begin PBXNativeTarget section */
		D6BDA2952367D6E90008879E /* Linear */ = {
			isa = PBXNativeTarget;
			buildConfigurationList = D6BDA2AA2367D6EA0008879E /* Build configuration list for PBXNativeTarget "Linear" */;
			buildPhases = (
				D6BDA2922367D6E90008879E /* Sources */,
				D6BDA2932367D6E90008879E /* Frameworks */,
				D6BDA2942367D6E90008879E /* Resources */,
			);
			buildRules = (
			);
			dependencies = (
			);
			name = Linear;
			productName = Linear;
			productReference = D6BDA2962367D6E90008879E /* Linear.app */;
			productType = "com.apple.product-type.application";
		};
/* End PBXNativeTarget section */

/* Begin PBXProject section */
		D6BDA28E2367D6E90008879E /* Project object */ = {
			isa = PBXProject;
			attributes = {
				LastSwiftUpdateCheck = 1110;
				LastUpgradeCheck = 1110;
				ORGANIZATIONNAME = angfung;
				TargetAttributes = {
					D6BDA2952367D6E90008879E = {
						CreatedOnToolsVersion = 11.1;
					};
				};
			};
			buildConfigurationList = D6BDA2912367D6E90008879E /* Build configuration list for PBXProject "Linear" */;
			compatibilityVersion = "Xcode 9.3";
			developmentRegion = en;
			hasScannedForEncodings = 0;
			knownRegions = (
				en,
				Base,
			);
			mainGroup = D6BDA28D2367D6E90008879E;
			productRefGroup = D6BDA2972367D6E90008879E /* Products */;
			projectDirPath = "";
			projectRoot = "";
			targets = (
				D6BDA2952367D6E90008879E /* Linear */,
			);
		};
/* End PBXProject section */

/* Begin PBXResourcesBuildPhase section */
		D6BDA2942367D6E90008879E /* Resources */ = {
			isa = PBXResourcesBuildPhase;
			buildActionMask = 2147483647;
			files = (
				D6BDA2A62367D6EA0008879E /* LaunchScreen.storyboard in Resources */,
				D6BDA2A32367D6EA0008879E /* Assets.xcassets in Resources */,
				D6BDA2A12367D6E90008879E /* Main.storyboard in Resources */,
			);
			runOnlyForDeploymentPostprocessing = 0;
		};
/* End PBXResourcesBuildPhase section */

/* Begin PBXSourcesBuildPhase section */
		D6BDA2922367D6E90008879E /* Sources */ = {
			isa = PBXSourcesBuildPhase;
			buildActionMask = 2147483647;
			files = (
				D6BDA29E2367D6E90008879E /* ViewController.swift in Sources */,
				D6BDA29A2367D6E90008879E /* AppDelegate.swift in Sources */,
				D6F4A3D2248B8DA3007923C9 /* Linear.swift in Sources */,
				D6BDA29C2367D6E90008879E /* SceneDelegate.swift in Sources */,
			);
			runOnlyForDeploymentPostprocessing = 0;
		};
/* End PBXSourcesBuildPhase section */

/* Begin PBXVariantGroup section */
		D6BDA29F2367D6E90008879E /* Main.storyboard */ = {
			isa = PBXVariantGroup;
			children = (
				D6BDA2A02367D6E90008879E /* Base */,
			);
			name = Main.storyboard;
			sourceTree = "<group>";
		};
		D6BDA2A42367D6EA0008879E /* LaunchScreen.storyboard */ = {
			isa = PBXVariantGroup;
			children = (
				D6BDA2A52367D6EA0008879E /* Base */,
			);
			name = LaunchScreen.storyboard;
			sourceTree = "<group>";
		};
/* End PBXVariantGroup section */

/* Begin XCBuildConfiguration section */
		D6BDA2A82367D6EA0008879E /* Debug */ = {
			isa = XCBuildConfiguration;
			buildSettings = {
				ALWAYS_SEARCH_USER_PATHS = NO;
				CLANG_ANALYZER_NONNULL = YES;
				CLANG_ANALYZER_NUMBER_OBJECT_CONVERSION = YES_AGGRESSIVE;
				CLANG_CXX_LANGUAGE_STANDARD = "gnu++14";
				CLANG_CXX_LIBRARY = "libc++";
				CLANG_ENABLE_MODULES = YES;
				CLANG_ENABLE_OBJC_ARC = YES;
				CLANG_ENABLE_OBJC_WEAK = YES;
				CLANG_WARN_BLOCK_CAPTURE_AUTORELEASING = YES;
				CLANG_WARN_BOOL_CONVERSION = YES;
				CLANG_WARN_COMMA = YES;
				CLANG_WARN_CONSTANT_CONVERSION = YES;
				CLANG_WARN_DEPRECATED_OBJC_IMPLEMENTATIONS = YES;
				CLANG_WARN_DIRECT_OBJC_ISA_USAGE = YES_ERROR;
				CLANG_WARN_DOCUMENTATION_COMMENTS = YES;
				CLANG_WARN_EMPTY_BODY = YES;
				CLANG_WARN_ENUM_CONVERSION = YES;
				CLANG_WARN_INFINITE_RECURSION = YES;
				CLANG_WARN_INT_CONVERSION = YES;
				CLANG_WARN_NON_LITERAL_NULL_CONVERSION = YES;
				CLANG_WARN_OBJC_IMPLICIT_RETAIN_SELF = YES;
				CLANG_WARN_OBJC_LITERAL_CONVERSION = YES;
				CLANG_WARN_OBJC_ROOT_CLASS = YES_ERROR;
				CLANG_WARN_RANGE_LOOP_ANALYSIS = YES;
				CLANG_WARN_STRICT_PROTOTYPES = YES;
				CLANG_WARN_SUSPICIOUS_MOVE = YES;
				CLANG_WARN_UNGUARDED_AVAILABILITY = YES_AGGRESSIVE;
				CLANG_WARN_UNREACHABLE_CODE = YES;
				CLANG_WARN__DUPLICATE_METHOD_MATCH = YES;
				COPY_PHASE_STRIP = NO;
				DEBUG_INFORMATION_FORMAT = dwarf;
				ENABLE_STRICT_OBJC_MSGSEND = YES;
				ENABLE_TESTABILITY = YES;
				GCC_C_LANGUAGE_STANDARD = gnu11;
				GCC_DYNAMIC_NO_PIC = NO;
				GCC_NO_COMMON_BLOCKS = YES;
				GCC_OPTIMIZATION_LEVEL = 0;
				GCC_PREPROCESSOR_DEFINITIONS = (
					"DEBUG=1",
					"$(inherited)",
				);
				GCC_WARN_64_TO_32_BIT_CONVERSION = YES;
				GCC_WARN_ABOUT_RETURN_TYPE = YES_ERROR;
				GCC_WARN_UNDECLARED_SELECTOR = YES;
				GCC_WARN_UNINITIALIZED_AUTOS = YES_AGGRESSIVE;
				GCC_WARN_UNUSED_FUNCTION = YES;
				GCC_WARN_UNUSED_VARIABLE = YES;
				IPHONEOS_DEPLOYMENT_TARGET = 13.1;
				MTL_ENABLE_DEBUG_INFO = INCLUDE_SOURCE;
				MTL_FAST_MATH = YES;
				ONLY_ACTIVE_ARCH = YES;
				SDKROOT = iphoneos;
				SWIFT_ACTIVE_COMPILATION_CONDITIONS = DEBUG;
				SWIFT_OPTIMIZATION_LEVEL = "-Onone";
			};
			name = Debug;
		};
		D6BDA2A92367D6EA0008879E /* Release */ = {
			isa = XCBuildConfiguration;
			buildSettings = {
				ALWAYS_SEARCH_USER_PATHS = NO;
				CLANG_ANALYZER_NONNULL = YES;
				CLANG_ANALYZER_NUMBER_OBJECT_CONVERSION = YES_AGGRESSIVE;
				CLANG_CXX_LANGUAGE_STANDARD = "gnu++14";
				CLANG_CXX_LIBRARY = "libc++";
				CLANG_ENABLE_MODULES = YES;
				CLANG_ENABLE_OBJC_ARC = YES;
				CLANG_ENABLE_OBJC_WEAK = YES;
				CLANG_WARN_BLOCK_CAPTURE_AUTORELEASING = YES;
				CLANG_WARN_BOOL_CONVERSION = YES;
				CLANG_WARN_COMMA = YES;
				CLANG_WARN_CONSTANT_CONVERSION = YES;
				CLANG_WARN_DEPRECATED_OBJC_IMPLEMENTATIONS = YES;
				CLANG_WARN_DIRECT_OBJC_ISA_USAGE = YES_ERROR;
				CLANG_WARN_DOCUMENTATION_COMMENTS = YES;
				CLANG_WARN_EMPTY_BODY = YES;
				CLANG_WARN_ENUM_CONVERSION = YES;
				CLANG_WARN_INFINITE_RECURSION = YES;
				CLANG_WARN_INT_CONVERSION = YES;
				CLANG_WARN_NON_LITERAL_NULL_CONVERSION = YES;
				CLANG_WARN_OBJC_IMPLICIT_RETAIN_SELF = YES;
				CLANG_WARN_OBJC_LITERAL_CONVERSION = YES;
				CLANG_WARN_OBJC_ROOT_CLASS = YES_ERROR;
				CLANG_WARN_RANGE_LOOP_ANALYSIS = YES;
				CLANG_WARN_STRICT_PROTOTYPES = YES;
				CLANG_WARN_SUSPICIOUS_MOVE = YES;
				CLANG_WARN_UNGUARDED_AVAILABILITY = YES_AGGRESSIVE;
				CLANG_WARN_UNREACHABLE_CODE = YES;
				CLANG_WARN__DUPLICATE_METHOD_MATCH = YES;
				COPY_PHASE_STRIP = NO;
				DEBUG_INFORMATION_FORMAT = "dwarf-with-dsym";
				ENABLE_NS_ASSERTIONS = NO;
				ENABLE_STRICT_OBJC_MSGSEND = YES;
				GCC_C_LANGUAGE_STANDARD = gnu11;
				GCC_NO_COMMON_BLOCKS = YES;
				GCC_WARN_64_TO_32_BIT_CONVERSION = YES;
				GCC_WARN_ABOUT_RETURN_TYPE = YES_ERROR;
				GCC_WARN_UNDECLARED_SELECTOR = YES;
				GCC_WARN_UNINITIALIZED_AUTOS = YES_AGGRESSIVE;
				GCC_WARN_UNUSED_FUNCTION = YES;
				GCC_WARN_UNUSED_VARIABLE = YES;
				IPHONEOS_DEPLOYMENT_TARGET = 13.1;
				MTL_ENABLE_DEBUG_INFO = NO;
				MTL_FAST_MATH = YES;
				SDKROOT = iphoneos;
				SWIFT_COMPILATION_MODE = wholemodule;
				SWIFT_OPTIMIZATION_LEVEL = "-O";
				VALIDATE_PRODUCT = YES;
			};
			name = Release;
		};
		D6BDA2AB2367D6EA0008879E /* Debug */ = {
			isa = XCBuildConfiguration;
			buildSettings = {
				ASSETCATALOG_COMPILER_APPICON_NAME = AppIcon;
				CODE_SIGN_STYLE = Automatic;
				INFOPLIST_FILE = Linear/Info.plist;
				LD_RUNPATH_SEARCH_PATHS = (
					"$(inherited)",
					"@executable_path/Frameworks",
				);
				PRODUCT_BUNDLE_IDENTIFIER = com.angfung.Linear;
				PRODUCT_NAME = "$(TARGET_NAME)";
				SWIFT_VERSION = 5.0;
				TARGETED_DEVICE_FAMILY = "1,2";
			};
			name = Debug;
		};
		D6BDA2AC2367D6EA0008879E /* Release */ = {
			isa = XCBuildConfiguration;
			buildSettings = {
				ASSETCATALOG_COMPILER_APPICON_NAME = AppIcon;
				CODE_SIGN_STYLE = Automatic;
				INFOPLIST_FILE = Linear/Info.plist;
				LD_RUNPATH_SEARCH_PATHS = (
					"$(inherited)",
					"@executable_path/Frameworks",
				);
				PRODUCT_BUNDLE_IDENTIFIER = com.angfung.Linear;
				PRODUCT_NAME = "$(TARGET_NAME)";
				SWIFT_VERSION = 5.0;
				TARGETED_DEVICE_FAMILY = "1,2";
			};
			name = Release;
		};
/* End XCBuildConfiguration section */

/* Begin XCConfigurationList section */
		D6BDA2912367D6E90008879E /* Build configuration list for PBXProject "Linear" */ = {
			isa = XCConfigurationList;
			buildConfigurations = (
				D6BDA2A82367D6EA0008879E /* Debug */,
				D6BDA2A92367D6EA0008879E /* Release */,
			);
			defaultConfigurationIsVisible = 0;
			defaultConfigurationName = Release;
		};
		D6BDA2AA2367D6EA0008879E /* Build configuration list for PBXNativeTarget "Linear" */ = {
			isa = XCConfigurationList;
			buildConfigurations = (
				D6BDA2AB2367D6EA0008879E /* Debug */,
				D6BDA2AC2367D6EA0008879E /* Release */,
			);
			defaultConfigurationIsVisible = 0;
			defaultConfigurationName = Release;
		};
/* End XCConfigurationList section */
	};
	rootObject = D6BDA28E2367D6E90008879E /* Project object */;
}
