// !$*UTF8*$!
{
	archiveVersion = 1;
	classes = {
	};
	objectVersion = 50;
	objects = {

/* Begin PBXBuildFile section */
		D666EC5C23BB7E2E00E80BC9 /* AppDelegate.m in Sources */ = {isa = PBXBuildFile; fileRef = D666EC5B23BB7E2E00E80BC9 /* AppDelegate.m */; };
		D666EC5F23BB7E2E00E80BC9 /* SceneDelegate.m in Sources */ = {isa = PBXBuildFile; fileRef = D666EC5E23BB7E2E00E80BC9 /* SceneDelegate.m */; };
		D666EC6223BB7E2E00E80BC9 /* ViewController.m in Sources */ = {isa = PBXBuildFile; fileRef = D666EC6123BB7E2E00E80BC9 /* ViewController.m */; };
		D666EC6523BB7E2E00E80BC9 /* Main.storyboard in Resources */ = {isa = PBXBuildFile; fileRef = D666EC6323BB7E2E00E80BC9 /* Main.storyboard */; };
		D666EC6723BB7E3100E80BC9 /* Assets.xcassets in Resources */ = {isa = PBXBuildFile; fileRef = D666EC6623BB7E3100E80BC9 /* Assets.xcassets */; };
		D666EC6A23BB7E3100E80BC9 /* LaunchScreen.storyboard in Resources */ = {isa = PBXBuildFile; fileRef = D666EC6823BB7E3100E80BC9 /* LaunchScreen.storyboard */; };
		D666EC6D23BB7E3100E80BC9 /* main.m in Sources */ = {isa = PBXBuildFile; fileRef = D666EC6C23BB7E3100E80BC9 /* main.m */; };
		D666EC7623BB7EF700E80BC9 /* UIViewController.swift in Sources */ = {isa = PBXBuildFile; fileRef = D666EC7523BB7EF700E80BC9 /* UIViewController.swift */; };
		D6DDCB5923C0A062004BD2D1 /* BaseViewController.swift in Sources */ = {isa = PBXBuildFile; fileRef = D6DDCB5823C0A062004BD2D1 /* BaseViewController.swift */; };
		D6DDCB5B23C0A988004BD2D1 /* BaseNavigationController.swift in Sources */ = {isa = PBXBuildFile; fileRef = D6DDCB5A23C0A988004BD2D1 /* BaseNavigationController.swift */; };
/* End PBXBuildFile section */

/* Begin PBXFileReference section */
		D666EC5723BB7E2E00E80BC9 /* UIBasic.app */ = {isa = PBXFileReference; explicitFileType = wrapper.application; includeInIndex = 0; path = UIBasic.app; sourceTree = BUILT_PRODUCTS_DIR; };
		D666EC5A23BB7E2E00E80BC9 /* AppDelegate.h */ = {isa = PBXFileReference; lastKnownFileType = sourcecode.c.h; path = AppDelegate.h; sourceTree = "<group>"; };
		D666EC5B23BB7E2E00E80BC9 /* AppDelegate.m */ = {isa = PBXFileReference; lastKnownFileType = sourcecode.c.objc; path = AppDelegate.m; sourceTree = "<group>"; };
		D666EC5D23BB7E2E00E80BC9 /* SceneDelegate.h */ = {isa = PBXFileReference; lastKnownFileType = sourcecode.c.h; path = SceneDelegate.h; sourceTree = "<group>"; };
		D666EC5E23BB7E2E00E80BC9 /* SceneDelegate.m */ = {isa = PBXFileReference; lastKnownFileType = sourcecode.c.objc; path = SceneDelegate.m; sourceTree = "<group>"; };
		D666EC6023BB7E2E00E80BC9 /* ViewController.h */ = {isa = PBXFileReference; lastKnownFileType = sourcecode.c.h; path = ViewController.h; sourceTree = "<group>"; };
		D666EC6123BB7E2E00E80BC9 /* ViewController.m */ = {isa = PBXFileReference; lastKnownFileType = sourcecode.c.objc; path = ViewController.m; sourceTree = "<group>"; };
		D666EC6423BB7E2E00E80BC9 /* Base */ = {isa = PBXFileReference; lastKnownFileType = file.storyboard; name = Base; path = Base.lproj/Main.storyboard; sourceTree = "<group>"; };
		D666EC6623BB7E3100E80BC9 /* Assets.xcassets */ = {isa = PBXFileReference; lastKnownFileType = folder.assetcatalog; path = Assets.xcassets; sourceTree = "<group>"; };
		D666EC6923BB7E3100E80BC9 /* Base */ = {isa = PBXFileReference; lastKnownFileType = file.storyboard; name = Base; path = Base.lproj/LaunchScreen.storyboard; sourceTree = "<group>"; };
		D666EC6B23BB7E3100E80BC9 /* Info.plist */ = {isa = PBXFileReference; lastKnownFileType = text.plist.xml; path = Info.plist; sourceTree = "<group>"; };
		D666EC6C23BB7E3100E80BC9 /* main.m */ = {isa = PBXFileReference; lastKnownFileType = sourcecode.c.objc; path = main.m; sourceTree = "<group>"; };
		D666EC7423BB7EF700E80BC9 /* UIBasic-Bridging-Header.h */ = {isa = PBXFileReference; lastKnownFileType = sourcecode.c.h; path = "UIBasic-Bridging-Header.h"; sourceTree = "<group>"; };
		D666EC7523BB7EF700E80BC9 /* UIViewController.swift */ = {isa = PBXFileReference; lastKnownFileType = sourcecode.swift; path = UIViewController.swift; sourceTree = "<group>"; };
		D6DDCB5823C0A062004BD2D1 /* BaseViewController.swift */ = {isa = PBXFileReference; lastKnownFileType = sourcecode.swift; path = BaseViewController.swift; sourceTree = "<group>"; };
		D6DDCB5A23C0A988004BD2D1 /* BaseNavigationController.swift */ = {isa = PBXFileReference; lastKnownFileType = sourcecode.swift; path = BaseNavigationController.swift; sourceTree = "<group>"; };
/* End PBXFileReference section */

/* Begin PBXFrameworksBuildPhase section */
		D666EC5423BB7E2E00E80BC9 /* Frameworks */ = {
			isa = PBXFrameworksBuildPhase;
			buildActionMask = 2147483647;
			files = (
			);
			runOnlyForDeploymentPostprocessing = 0;
		};
/* End PBXFrameworksBuildPhase section */

/* Begin PBXGroup section */
		D666EC4E23BB7E2E00E80BC9 = {
			isa = PBXGroup;
			children = (
				D666EC7323BB7E3500E80BC9 /* Source */,
				D666EC5923BB7E2E00E80BC9 /* UIBasic */,
				D666EC5823BB7E2E00E80BC9 /* Products */,
			);
			sourceTree = "<group>";
		};
		D666EC5823BB7E2E00E80BC9 /* Products */ = {
			isa = PBXGroup;
			children = (
				D666EC5723BB7E2E00E80BC9 /* UIBasic.app */,
			);
			name = Products;
			sourceTree = "<group>";
		};
		D666EC5923BB7E2E00E80BC9 /* UIBasic */ = {
			isa = PBXGroup;
			children = (
				D666EC5A23BB7E2E00E80BC9 /* AppDelegate.h */,
				D666EC5B23BB7E2E00E80BC9 /* AppDelegate.m */,
				D666EC5D23BB7E2E00E80BC9 /* SceneDelegate.h */,
				D666EC5E23BB7E2E00E80BC9 /* SceneDelegate.m */,
				D666EC6023BB7E2E00E80BC9 /* ViewController.h */,
				D666EC6123BB7E2E00E80BC9 /* ViewController.m */,
				D666EC6323BB7E2E00E80BC9 /* Main.storyboard */,
				D666EC6623BB7E3100E80BC9 /* Assets.xcassets */,
				D666EC6823BB7E3100E80BC9 /* LaunchScreen.storyboard */,
				D666EC6B23BB7E3100E80BC9 /* Info.plist */,
				D666EC6C23BB7E3100E80BC9 /* main.m */,
			);
			path = UIBasic;
			sourceTree = "<group>";
		};
		D666EC7323BB7E3500E80BC9 /* Source */ = {
			isa = PBXGroup;
			children = (
				D666EC7523BB7EF700E80BC9 /* UIViewController.swift */,
				D666EC7423BB7EF700E80BC9 /* UIBasic-Bridging-Header.h */,
				D6DDCB5823C0A062004BD2D1 /* BaseViewController.swift */,
				D6DDCB5A23C0A988004BD2D1 /* BaseNavigationController.swift */,
			);
			path = Source;
			sourceTree = "<group>";
		};
/* End PBXGroup section */

/* Begin PBXNativeTarget section */
		D666EC5623BB7E2E00E80BC9 /* UIBasic */ = {
			isa = PBXNativeTarget;
			buildConfigurationList = D666EC7023BB7E3100E80BC9 /* Build configuration list for PBXNativeTarget "UIBasic" */;
			buildPhases = (
				D666EC5323BB7E2E00E80BC9 /* Sources */,
				D666EC5423BB7E2E00E80BC9 /* Frameworks */,
				D666EC5523BB7E2E00E80BC9 /* Resources */,
			);
			buildRules = (
			);
			dependencies = (
			);
			name = UIBasic;
			productName = UIBasic;
			productReference = D666EC5723BB7E2E00E80BC9 /* UIBasic.app */;
			productType = "com.apple.product-type.application";
		};
/* End PBXNativeTarget section */

/* Begin PBXProject section */
		D666EC4F23BB7E2E00E80BC9 /* Project object */ = {
			isa = PBXProject;
			attributes = {
				LastUpgradeCheck = 1120;
				ORGANIZATIONNAME = angfung;
				TargetAttributes = {
					D666EC5623BB7E2E00E80BC9 = {
						CreatedOnToolsVersion = 11.2.1;
						LastSwiftMigration = 1120;
					};
				};
			};
			buildConfigurationList = D666EC5223BB7E2E00E80BC9 /* Build configuration list for PBXProject "UIBasic" */;
			compatibilityVersion = "Xcode 9.3";
			developmentRegion = en;
			hasScannedForEncodings = 0;
			knownRegions = (
				en,
				Base,
			);
			mainGroup = D666EC4E23BB7E2E00E80BC9;
			productRefGroup = D666EC5823BB7E2E00E80BC9 /* Products */;
			projectDirPath = "";
			projectRoot = "";
			targets = (
				D666EC5623BB7E2E00E80BC9 /* UIBasic */,
			);
		};
/* End PBXProject section */

/* Begin PBXResourcesBuildPhase section */
		D666EC5523BB7E2E00E80BC9 /* Resources */ = {
			isa = PBXResourcesBuildPhase;
			buildActionMask = 2147483647;
			files = (
				D666EC6A23BB7E3100E80BC9 /* LaunchScreen.storyboard in Resources */,
				D666EC6723BB7E3100E80BC9 /* Assets.xcassets in Resources */,
				D666EC6523BB7E2E00E80BC9 /* Main.storyboard in Resources */,
			);
			runOnlyForDeploymentPostprocessing = 0;
		};
/* End PBXResourcesBuildPhase section */

/* Begin PBXSourcesBuildPhase section */
		D666EC5323BB7E2E00E80BC9 /* Sources */ = {
			isa = PBXSourcesBuildPhase;
			buildActionMask = 2147483647;
			files = (
				D666EC6223BB7E2E00E80BC9 /* ViewController.m in Sources */,
				D6DDCB5B23C0A988004BD2D1 /* BaseNavigationController.swift in Sources */,
				D666EC5C23BB7E2E00E80BC9 /* AppDelegate.m in Sources */,
				D666EC6D23BB7E3100E80BC9 /* main.m in Sources */,
				D666EC5F23BB7E2E00E80BC9 /* SceneDelegate.m in Sources */,
				D666EC7623BB7EF700E80BC9 /* UIViewController.swift in Sources */,
				D6DDCB5923C0A062004BD2D1 /* BaseViewController.swift in Sources */,
			);
			runOnlyForDeploymentPostprocessing = 0;
		};
/* End PBXSourcesBuildPhase section */

/* Begin PBXVariantGroup section */
		D666EC6323BB7E2E00E80BC9 /* Main.storyboard */ = {
			isa = PBXVariantGroup;
			children = (
				D666EC6423BB7E2E00E80BC9 /* Base */,
			);
			name = Main.storyboard;
			sourceTree = "<group>";
		};
		D666EC6823BB7E3100E80BC9 /* LaunchScreen.storyboard */ = {
			isa = PBXVariantGroup;
			children = (
				D666EC6923BB7E3100E80BC9 /* Base */,
			);
			name = LaunchScreen.storyboard;
			sourceTree = "<group>";
		};
/* End PBXVariantGroup section */

/* Begin XCBuildConfiguration section */
		D666EC6E23BB7E3100E80BC9 /* Debug */ = {
			isa = XCBuildConfiguration;
			buildSettings = {
				ALWAYS_SEARCH_USER_PATHS = NO;
				CLANG_ANALYZER_NONNULL = YES;
				CLANG_ANALYZER_NUMBER_OBJECT_CONVERSION = YES_AGGRESSIVE;
				CLANG_CXX_LANGUAGE_STANDARD = "gnu++14";
				CLANG_CXX_LIBRARY = "libc++";
				CLANG_ENABLE_MODULES = YES;
				CLANG_ENABLE_OBJC_ARC = YES;
				CLANG_ENABLE_OBJC_WEAK = YES;
				CLANG_WARN_BLOCK_CAPTURE_AUTORELEASING = YES;
				CLANG_WARN_BOOL_CONVERSION = YES;
				CLANG_WARN_COMMA = YES;
				CLANG_WARN_CONSTANT_CONVERSION = YES;
				CLANG_WARN_DEPRECATED_OBJC_IMPLEMENTATIONS = YES;
				CLANG_WARN_DIRECT_OBJC_ISA_USAGE = YES_ERROR;
				CLANG_WARN_DOCUMENTATION_COMMENTS = YES;
				CLANG_WARN_EMPTY_BODY = YES;
				CLANG_WARN_ENUM_CONVERSION = YES;
				CLANG_WARN_INFINITE_RECURSION = YES;
				CLANG_WARN_INT_CONVERSION = YES;
				CLANG_WARN_NON_LITERAL_NULL_CONVERSION = YES;
				CLANG_WARN_OBJC_IMPLICIT_RETAIN_SELF = YES;
				CLANG_WARN_OBJC_LITERAL_CONVERSION = YES;
				CLANG_WARN_OBJC_ROOT_CLASS = YES_ERROR;
				CLANG_WARN_RANGE_LOOP_ANALYSIS = YES;
				CLANG_WARN_STRICT_PROTOTYPES = YES;
				CLANG_WARN_SUSPICIOUS_MOVE = YES;
				CLANG_WARN_UNGUARDED_AVAILABILITY = YES_AGGRESSIVE;
				CLANG_WARN_UNREACHABLE_CODE = YES;
				CLANG_WARN__DUPLICATE_METHOD_MATCH = YES;
				COPY_PHASE_STRIP = NO;
				DEBUG_INFORMATION_FORMAT = dwarf;
				ENABLE_STRICT_OBJC_MSGSEND = YES;
				ENABLE_TESTABILITY = YES;
				GCC_C_LANGUAGE_STANDARD = gnu11;
				GCC_DYNAMIC_NO_PIC = NO;
				GCC_NO_COMMON_BLOCKS = YES;
				GCC_OPTIMIZATION_LEVEL = 0;
				GCC_PREPROCESSOR_DEFINITIONS = (
					"DEBUG=1",
					"$(inherited)",
				);
				GCC_WARN_64_TO_32_BIT_CONVERSION = YES;
				GCC_WARN_ABOUT_RETURN_TYPE = YES_ERROR;
				GCC_WARN_UNDECLARED_SELECTOR = YES;
				GCC_WARN_UNINITIALIZED_AUTOS = YES_AGGRESSIVE;
				GCC_WARN_UNUSED_FUNCTION = YES;
				GCC_WARN_UNUSED_VARIABLE = YES;
				IPHONEOS_DEPLOYMENT_TARGET = 13.2;
				MTL_ENABLE_DEBUG_INFO = INCLUDE_SOURCE;
				MTL_FAST_MATH = YES;
				ONLY_ACTIVE_ARCH = YES;
				SDKROOT = iphoneos;
			};
			name = Debug;
		};
		D666EC6F23BB7E3100E80BC9 /* Release */ = {
			isa = XCBuildConfiguration;
			buildSettings = {
				ALWAYS_SEARCH_USER_PATHS = NO;
				CLANG_ANALYZER_NONNULL = YES;
				CLANG_ANALYZER_NUMBER_OBJECT_CONVERSION = YES_AGGRESSIVE;
				CLANG_CXX_LANGUAGE_STANDARD = "gnu++14";
				CLANG_CXX_LIBRARY = "libc++";
				CLANG_ENABLE_MODULES = YES;
				CLANG_ENABLE_OBJC_ARC = YES;
				CLANG_ENABLE_OBJC_WEAK = YES;
				CLANG_WARN_BLOCK_CAPTURE_AUTORELEASING = YES;
				CLANG_WARN_BOOL_CONVERSION = YES;
				CLANG_WARN_COMMA = YES;
				CLANG_WARN_CONSTANT_CONVERSION = YES;
				CLANG_WARN_DEPRECATED_OBJC_IMPLEMENTATIONS = YES;
				CLANG_WARN_DIRECT_OBJC_ISA_USAGE = YES_ERROR;
				CLANG_WARN_DOCUMENTATION_COMMENTS = YES;
				CLANG_WARN_EMPTY_BODY = YES;
				CLANG_WARN_ENUM_CONVERSION = YES;
				CLANG_WARN_INFINITE_RECURSION = YES;
				CLANG_WARN_INT_CONVERSION = YES;
				CLANG_WARN_NON_LITERAL_NULL_CONVERSION = YES;
				CLANG_WARN_OBJC_IMPLICIT_RETAIN_SELF = YES;
				CLANG_WARN_OBJC_LITERAL_CONVERSION = YES;
				CLANG_WARN_OBJC_ROOT_CLASS = YES_ERROR;
				CLANG_WARN_RANGE_LOOP_ANALYSIS = YES;
				CLANG_WARN_STRICT_PROTOTYPES = YES;
				CLANG_WARN_SUSPICIOUS_MOVE = YES;
				CLANG_WARN_UNGUARDED_AVAILABILITY = YES_AGGRESSIVE;
				CLANG_WARN_UNREACHABLE_CODE = YES;
				CLANG_WARN__DUPLICATE_METHOD_MATCH = YES;
				COPY_PHASE_STRIP = NO;
				DEBUG_INFORMATION_FORMAT = "dwarf-with-dsym";
				ENABLE_NS_ASSERTIONS = NO;
				ENABLE_STRICT_OBJC_MSGSEND = YES;
				GCC_C_LANGUAGE_STANDARD = gnu11;
				GCC_NO_COMMON_BLOCKS = YES;
				GCC_WARN_64_TO_32_BIT_CONVERSION = YES;
				GCC_WARN_ABOUT_RETURN_TYPE = YES_ERROR;
				GCC_WARN_UNDECLARED_SELECTOR = YES;
				GCC_WARN_UNINITIALIZED_AUTOS = YES_AGGRESSIVE;
				GCC_WARN_UNUSED_FUNCTION = YES;
				GCC_WARN_UNUSED_VARIABLE = YES;
				IPHONEOS_DEPLOYMENT_TARGET = 13.2;
				MTL_ENABLE_DEBUG_INFO = NO;
				MTL_FAST_MATH = YES;
				SDKROOT = iphoneos;
				VALIDATE_PRODUCT = YES;
			};
			name = Release;
		};
		D666EC7123BB7E3100E80BC9 /* Debug */ = {
			isa = XCBuildConfiguration;
			buildSettings = {
				ASSETCATALOG_COMPILER_APPICON_NAME = AppIcon;
				CLANG_ENABLE_MODULES = YES;
				CODE_SIGN_STYLE = Automatic;
				INFOPLIST_FILE = UIBasic/Info.plist;
				LD_RUNPATH_SEARCH_PATHS = (
					"$(inherited)",
					"@executable_path/Frameworks",
				);
				PRODUCT_BUNDLE_IDENTIFIER = com.angfung.UIBasic;
				PRODUCT_NAME = "$(TARGET_NAME)";
				SWIFT_OBJC_BRIDGING_HEADER = "Source/UIBasic-Bridging-Header.h";
				SWIFT_OPTIMIZATION_LEVEL = "-Onone";
				SWIFT_VERSION = 5.0;
				TARGETED_DEVICE_FAMILY = "1,2";
			};
			name = Debug;
		};
		D666EC7223BB7E3100E80BC9 /* Release */ = {
			isa = XCBuildConfiguration;
			buildSettings = {
				ASSETCATALOG_COMPILER_APPICON_NAME = AppIcon;
				CLANG_ENABLE_MODULES = YES;
				CODE_SIGN_STYLE = Automatic;
				INFOPLIST_FILE = UIBasic/Info.plist;
				LD_RUNPATH_SEARCH_PATHS = (
					"$(inherited)",
					"@executable_path/Frameworks",
				);
				PRODUCT_BUNDLE_IDENTIFIER = com.angfung.UIBasic;
				PRODUCT_NAME = "$(TARGET_NAME)";
				SWIFT_OBJC_BRIDGING_HEADER = "Source/UIBasic-Bridging-Header.h";
				SWIFT_VERSION = 5.0;
				TARGETED_DEVICE_FAMILY = "1,2";
			};
			name = Release;
		};
/* End XCBuildConfiguration section */

/* Begin XCConfigurationList section */
		D666EC5223BB7E2E00E80BC9 /* Build configuration list for PBXProject "UIBasic" */ = {
			isa = XCConfigurationList;
			buildConfigurations = (
				D666EC6E23BB7E3100E80BC9 /* Debug */,
				D666EC6F23BB7E3100E80BC9 /* Release */,
			);
			defaultConfigurationIsVisible = 0;
			defaultConfigurationName = Release;
		};
		D666EC7023BB7E3100E80BC9 /* Build configuration list for PBXNativeTarget "UIBasic" */ = {
			isa = XCConfigurationList;
			buildConfigurations = (
				D666EC7123BB7E3100E80BC9 /* Debug */,
				D666EC7223BB7E3100E80BC9 /* Release */,
			);
			defaultConfigurationIsVisible = 0;
			defaultConfigurationName = Release;
		};
/* End XCConfigurationList section */
	};
	rootObject = D666EC4F23BB7E2E00E80BC9 /* Project object */;
}
