// !$*UTF8*$!
{
	archiveVersion = 1;
	classes = {
	};
	objectVersion = 50;
	objects = {

/* Begin PBXBuildFile section */
		D60C31802361C28100DB1173 /* UniqueOrderedList.swift in Sources */ = {isa = PBXBuildFile; fileRef = D60C317F2361C28100DB1173 /* UniqueOrderedList.swift */; };
		D60C31822361C2B700DB1173 /* OrderedArray.swift in Sources */ = {isa = PBXBuildFile; fileRef = D60C31812361C2B700DB1173 /* OrderedArray.swift */; };
		D6BD72FA2362FB9C003C7F5E /* AppDelegate.swift in Sources */ = {isa = PBXBuildFile; fileRef = D6BD72F92362FB9C003C7F5E /* AppDelegate.swift */; };
		D6BD72FC2362FB9C003C7F5E /* SceneDelegate.swift in Sources */ = {isa = PBXBuildFile; fileRef = D6BD72FB2362FB9C003C7F5E /* SceneDelegate.swift */; };
		D6BD72FE2362FB9C003C7F5E /* ViewController.swift in Sources */ = {isa = PBXBuildFile; fileRef = D6BD72FD2362FB9C003C7F5E /* ViewController.swift */; };
		D6BD73012362FB9C003C7F5E /* Main.storyboard in Resources */ = {isa = PBXBuildFile; fileRef = D6BD72FF2362FB9C003C7F5E /* Main.storyboard */; };
		D6BD73032362FB9D003C7F5E /* Assets.xcassets in Resources */ = {isa = PBXBuildFile; fileRef = D6BD73022362FB9D003C7F5E /* Assets.xcassets */; };
		D6BD73062362FB9D003C7F5E /* LaunchScreen.storyboard in Resources */ = {isa = PBXBuildFile; fileRef = D6BD73042362FB9D003C7F5E /* LaunchScreen.storyboard */; };
		D6BD730C2362FBBA003C7F5E /* OrderedDictionary.swift in Sources */ = {isa = PBXBuildFile; fileRef = D6BD730B2362FBBA003C7F5E /* OrderedDictionary.swift */; };
		D6F557312361525B00D0F333 /* AppDelegate.swift in Sources */ = {isa = PBXBuildFile; fileRef = D6F557302361525B00D0F333 /* AppDelegate.swift */; };
		D6F557332361525B00D0F333 /* SceneDelegate.swift in Sources */ = {isa = PBXBuildFile; fileRef = D6F557322361525B00D0F333 /* SceneDelegate.swift */; };
		D6F557352361525B00D0F333 /* ViewController.swift in Sources */ = {isa = PBXBuildFile; fileRef = D6F557342361525B00D0F333 /* ViewController.swift */; };
		D6F557382361525B00D0F333 /* Main.storyboard in Resources */ = {isa = PBXBuildFile; fileRef = D6F557362361525B00D0F333 /* Main.storyboard */; };
		D6F5573A2361525E00D0F333 /* Assets.xcassets in Resources */ = {isa = PBXBuildFile; fileRef = D6F557392361525E00D0F333 /* Assets.xcassets */; };
		D6F5573D2361525E00D0F333 /* LaunchScreen.storyboard in Resources */ = {isa = PBXBuildFile; fileRef = D6F5573B2361525E00D0F333 /* LaunchScreen.storyboard */; };
/* End PBXBuildFile section */

/* Begin PBXFileReference section */
		D60C317F2361C28100DB1173 /* UniqueOrderedList.swift */ = {isa = PBXFileReference; lastKnownFileType = sourcecode.swift; path = UniqueOrderedList.swift; sourceTree = "<group>"; };
		D60C31812361C2B700DB1173 /* OrderedArray.swift */ = {isa = PBXFileReference; lastKnownFileType = sourcecode.swift; path = OrderedArray.swift; sourceTree = "<group>"; };
		D6BD72F72362FB9C003C7F5E /* OrderedMap.app */ = {isa = PBXFileReference; explicitFileType = wrapper.application; includeInIndex = 0; path = OrderedMap.app; sourceTree = BUILT_PRODUCTS_DIR; };
		D6BD72F92362FB9C003C7F5E /* AppDelegate.swift */ = {isa = PBXFileReference; lastKnownFileType = sourcecode.swift; path = AppDelegate.swift; sourceTree = "<group>"; };
		D6BD72FB2362FB9C003C7F5E /* SceneDelegate.swift */ = {isa = PBXFileReference; lastKnownFileType = sourcecode.swift; path = SceneDelegate.swift; sourceTree = "<group>"; };
		D6BD72FD2362FB9C003C7F5E /* ViewController.swift */ = {isa = PBXFileReference; lastKnownFileType = sourcecode.swift; path = ViewController.swift; sourceTree = "<group>"; };
		D6BD73002362FB9C003C7F5E /* Base */ = {isa = PBXFileReference; lastKnownFileType = file.storyboard; name = Base; path = Base.lproj/Main.storyboard; sourceTree = "<group>"; };
		D6BD73022362FB9D003C7F5E /* Assets.xcassets */ = {isa = PBXFileReference; lastKnownFileType = folder.assetcatalog; path = Assets.xcassets; sourceTree = "<group>"; };
		D6BD73052362FB9D003C7F5E /* Base */ = {isa = PBXFileReference; lastKnownFileType = file.storyboard; name = Base; path = Base.lproj/LaunchScreen.storyboard; sourceTree = "<group>"; };
		D6BD73072362FB9D003C7F5E /* Info.plist */ = {isa = PBXFileReference; lastKnownFileType = text.plist.xml; path = Info.plist; sourceTree = "<group>"; };
		D6BD730B2362FBBA003C7F5E /* OrderedDictionary.swift */ = {isa = PBXFileReference; lastKnownFileType = sourcecode.swift; path = OrderedDictionary.swift; sourceTree = "<group>"; };
		D6F5572D2361525B00D0F333 /* TTable.app */ = {isa = PBXFileReference; explicitFileType = wrapper.application; includeInIndex = 0; path = TTable.app; sourceTree = BUILT_PRODUCTS_DIR; };
		D6F557302361525B00D0F333 /* AppDelegate.swift */ = {isa = PBXFileReference; lastKnownFileType = sourcecode.swift; path = AppDelegate.swift; sourceTree = "<group>"; };
		D6F557322361525B00D0F333 /* SceneDelegate.swift */ = {isa = PBXFileReference; lastKnownFileType = sourcecode.swift; path = SceneDelegate.swift; sourceTree = "<group>"; };
		D6F557342361525B00D0F333 /* ViewController.swift */ = {isa = PBXFileReference; lastKnownFileType = sourcecode.swift; path = ViewController.swift; sourceTree = "<group>"; };
		D6F557372361525B00D0F333 /* Base */ = {isa = PBXFileReference; lastKnownFileType = file.storyboard; name = Base; path = Base.lproj/Main.storyboard; sourceTree = "<group>"; };
		D6F557392361525E00D0F333 /* Assets.xcassets */ = {isa = PBXFileReference; lastKnownFileType = folder.assetcatalog; path = Assets.xcassets; sourceTree = "<group>"; };
		D6F5573C2361525E00D0F333 /* Base */ = {isa = PBXFileReference; lastKnownFileType = file.storyboard; name = Base; path = Base.lproj/LaunchScreen.storyboard; sourceTree = "<group>"; };
		D6F5573E2361525E00D0F333 /* Info.plist */ = {isa = PBXFileReference; lastKnownFileType = text.plist.xml; path = Info.plist; sourceTree = "<group>"; };
/* End PBXFileReference section */

/* Begin PBXFrameworksBuildPhase section */
		D6BD72F42362FB9C003C7F5E /* Frameworks */ = {
			isa = PBXFrameworksBuildPhase;
			buildActionMask = 2147483647;
			files = (
			);
			runOnlyForDeploymentPostprocessing = 0;
		};
		D6F5572A2361525B00D0F333 /* Frameworks */ = {
			isa = PBXFrameworksBuildPhase;
			buildActionMask = 2147483647;
			files = (
			);
			runOnlyForDeploymentPostprocessing = 0;
		};
/* End PBXFrameworksBuildPhase section */

/* Begin PBXGroup section */
		D60C317E2361C25E00DB1173 /* Source */ = {
			isa = PBXGroup;
			children = (
				D60C317F2361C28100DB1173 /* UniqueOrderedList.swift */,
				D60C31812361C2B700DB1173 /* OrderedArray.swift */,
			);
			path = Source;
			sourceTree = "<group>";
		};
		D6BD72F82362FB9C003C7F5E /* OrderedMap */ = {
			isa = PBXGroup;
			children = (
				D6BD72F92362FB9C003C7F5E /* AppDelegate.swift */,
				D6BD72FB2362FB9C003C7F5E /* SceneDelegate.swift */,
				D6BD72FD2362FB9C003C7F5E /* ViewController.swift */,
				D6BD72FF2362FB9C003C7F5E /* Main.storyboard */,
				D6BD73022362FB9D003C7F5E /* Assets.xcassets */,
				D6BD73042362FB9D003C7F5E /* LaunchScreen.storyboard */,
				D6BD73072362FB9D003C7F5E /* Info.plist */,
				D6BD730B2362FBBA003C7F5E /* OrderedDictionary.swift */,
			);
			path = OrderedMap;
			sourceTree = "<group>";
		};
		D6F557242361525B00D0F333 = {
			isa = PBXGroup;
			children = (
				D60C317E2361C25E00DB1173 /* Source */,
				D6F5572F2361525B00D0F333 /* TTable */,
				D6BD72F82362FB9C003C7F5E /* OrderedMap */,
				D6F5572E2361525B00D0F333 /* Products */,
			);
			sourceTree = "<group>";
		};
		D6F5572E2361525B00D0F333 /* Products */ = {
			isa = PBXGroup;
			children = (
				D6F5572D2361525B00D0F333 /* TTable.app */,
				D6BD72F72362FB9C003C7F5E /* OrderedMap.app */,
			);
			name = Products;
			sourceTree = "<group>";
		};
		D6F5572F2361525B00D0F333 /* TTable */ = {
			isa = PBXGroup;
			children = (
				D6F557302361525B00D0F333 /* AppDelegate.swift */,
				D6F557322361525B00D0F333 /* SceneDelegate.swift */,
				D6F557342361525B00D0F333 /* ViewController.swift */,
				D6F557362361525B00D0F333 /* Main.storyboard */,
				D6F557392361525E00D0F333 /* Assets.xcassets */,
				D6F5573B2361525E00D0F333 /* LaunchScreen.storyboard */,
				D6F5573E2361525E00D0F333 /* Info.plist */,
			);
			path = TTable;
			sourceTree = "<group>";
		};
/* End PBXGroup section */

/* Begin PBXNativeTarget section */
		D6BD72F62362FB9C003C7F5E /* OrderedMap */ = {
			isa = PBXNativeTarget;
			buildConfigurationList = D6BD730A2362FB9D003C7F5E /* Build configuration list for PBXNativeTarget "OrderedMap" */;
			buildPhases = (
				D6BD72F32362FB9C003C7F5E /* Sources */,
				D6BD72F42362FB9C003C7F5E /* Frameworks */,
				D6BD72F52362FB9C003C7F5E /* Resources */,
			);
			buildRules = (
			);
			dependencies = (
			);
			name = OrderedMap;
			productName = OrderedMap;
			productReference = D6BD72F72362FB9C003C7F5E /* OrderedMap.app */;
			productType = "com.apple.product-type.application";
		};
		D6F5572C2361525B00D0F333 /* TTable */ = {
			isa = PBXNativeTarget;
			buildConfigurationList = D6F557412361525E00D0F333 /* Build configuration list for PBXNativeTarget "TTable" */;
			buildPhases = (
				D6F557292361525B00D0F333 /* Sources */,
				D6F5572A2361525B00D0F333 /* Frameworks */,
				D6F5572B2361525B00D0F333 /* Resources */,
			);
			buildRules = (
			);
			dependencies = (
			);
			name = TTable;
			productName = TTable;
			productReference = D6F5572D2361525B00D0F333 /* TTable.app */;
			productType = "com.apple.product-type.application";
		};
/* End PBXNativeTarget section */

/* Begin PBXProject section */
		D6F557252361525B00D0F333 /* Project object */ = {
			isa = PBXProject;
			attributes = {
				LastSwiftUpdateCheck = 1110;
				LastUpgradeCheck = 1110;
				ORGANIZATIONNAME = angfung;
				TargetAttributes = {
					D6BD72F62362FB9C003C7F5E = {
						CreatedOnToolsVersion = 11.1;
					};
					D6F5572C2361525B00D0F333 = {
						CreatedOnToolsVersion = 11.1;
					};
				};
			};
			buildConfigurationList = D6F557282361525B00D0F333 /* Build configuration list for PBXProject "TTable" */;
			compatibilityVersion = "Xcode 9.3";
			developmentRegion = en;
			hasScannedForEncodings = 0;
			knownRegions = (
				en,
				Base,
			);
			mainGroup = D6F557242361525B00D0F333;
			productRefGroup = D6F5572E2361525B00D0F333 /* Products */;
			projectDirPath = "";
			projectRoot = "";
			targets = (
				D6F5572C2361525B00D0F333 /* TTable */,
				D6BD72F62362FB9C003C7F5E /* OrderedMap */,
			);
		};
/* End PBXProject section */

/* Begin PBXResourcesBuildPhase section */
		D6BD72F52362FB9C003C7F5E /* Resources */ = {
			isa = PBXResourcesBuildPhase;
			buildActionMask = 2147483647;
			files = (
				D6BD73062362FB9D003C7F5E /* LaunchScreen.storyboard in Resources */,
				D6BD73032362FB9D003C7F5E /* Assets.xcassets in Resources */,
				D6BD73012362FB9C003C7F5E /* Main.storyboard in Resources */,
			);
			runOnlyForDeploymentPostprocessing = 0;
		};
		D6F5572B2361525B00D0F333 /* Resources */ = {
			isa = PBXResourcesBuildPhase;
			buildActionMask = 2147483647;
			files = (
				D6F5573D2361525E00D0F333 /* LaunchScreen.storyboard in Resources */,
				D6F5573A2361525E00D0F333 /* Assets.xcassets in Resources */,
				D6F557382361525B00D0F333 /* Main.storyboard in Resources */,
			);
			runOnlyForDeploymentPostprocessing = 0;
		};
/* End PBXResourcesBuildPhase section */

/* Begin PBXSourcesBuildPhase section */
		D6BD72F32362FB9C003C7F5E /* Sources */ = {
			isa = PBXSourcesBuildPhase;
			buildActionMask = 2147483647;
			files = (
				D6BD72FE2362FB9C003C7F5E /* ViewController.swift in Sources */,
				D6BD730C2362FBBA003C7F5E /* OrderedDictionary.swift in Sources */,
				D6BD72FA2362FB9C003C7F5E /* AppDelegate.swift in Sources */,
				D6BD72FC2362FB9C003C7F5E /* SceneDelegate.swift in Sources */,
			);
			runOnlyForDeploymentPostprocessing = 0;
		};
		D6F557292361525B00D0F333 /* Sources */ = {
			isa = PBXSourcesBuildPhase;
			buildActionMask = 2147483647;
			files = (
				D6F557352361525B00D0F333 /* ViewController.swift in Sources */,
				D6F557312361525B00D0F333 /* AppDelegate.swift in Sources */,
				D60C31822361C2B700DB1173 /* OrderedArray.swift in Sources */,
				D60C31802361C28100DB1173 /* UniqueOrderedList.swift in Sources */,
				D6F557332361525B00D0F333 /* SceneDelegate.swift in Sources */,
			);
			runOnlyForDeploymentPostprocessing = 0;
		};
/* End PBXSourcesBuildPhase section */

/* Begin PBXVariantGroup section */
		D6BD72FF2362FB9C003C7F5E /* Main.storyboard */ = {
			isa = PBXVariantGroup;
			children = (
				D6BD73002362FB9C003C7F5E /* Base */,
			);
			name = Main.storyboard;
			sourceTree = "<group>";
		};
		D6BD73042362FB9D003C7F5E /* LaunchScreen.storyboard */ = {
			isa = PBXVariantGroup;
			children = (
				D6BD73052362FB9D003C7F5E /* Base */,
			);
			name = LaunchScreen.storyboard;
			sourceTree = "<group>";
		};
		D6F557362361525B00D0F333 /* Main.storyboard */ = {
			isa = PBXVariantGroup;
			children = (
				D6F557372361525B00D0F333 /* Base */,
			);
			name = Main.storyboard;
			sourceTree = "<group>";
		};
		D6F5573B2361525E00D0F333 /* LaunchScreen.storyboard */ = {
			isa = PBXVariantGroup;
			children = (
				D6F5573C2361525E00D0F333 /* Base */,
			);
			name = LaunchScreen.storyboard;
			sourceTree = "<group>";
		};
/* End PBXVariantGroup section */

/* Begin XCBuildConfiguration section */
		D6BD73082362FB9D003C7F5E /* Debug */ = {
			isa = XCBuildConfiguration;
			buildSettings = {
				ASSETCATALOG_COMPILER_APPICON_NAME = AppIcon;
				CODE_SIGN_STYLE = Automatic;
				INFOPLIST_FILE = OrderedMap/Info.plist;
				LD_RUNPATH_SEARCH_PATHS = (
					"$(inherited)",
					"@executable_path/Frameworks",
				);
				PRODUCT_BUNDLE_IDENTIFIER = com.angfung.OrderedMap;
				PRODUCT_NAME = "$(TARGET_NAME)";
				SWIFT_VERSION = 5.0;
				TARGETED_DEVICE_FAMILY = "1,2";
			};
			name = Debug;
		};
		D6BD73092362FB9D003C7F5E /* Release */ = {
			isa = XCBuildConfiguration;
			buildSettings = {
				ASSETCATALOG_COMPILER_APPICON_NAME = AppIcon;
				CODE_SIGN_STYLE = Automatic;
				INFOPLIST_FILE = OrderedMap/Info.plist;
				LD_RUNPATH_SEARCH_PATHS = (
					"$(inherited)",
					"@executable_path/Frameworks",
				);
				PRODUCT_BUNDLE_IDENTIFIER = com.angfung.OrderedMap;
				PRODUCT_NAME = "$(TARGET_NAME)";
				SWIFT_VERSION = 5.0;
				TARGETED_DEVICE_FAMILY = "1,2";
			};
			name = Release;
		};
		D6F5573F2361525E00D0F333 /* Debug */ = {
			isa = XCBuildConfiguration;
			buildSettings = {
				ALWAYS_SEARCH_USER_PATHS = NO;
				CLANG_ANALYZER_NONNULL = YES;
				CLANG_ANALYZER_NUMBER_OBJECT_CONVERSION = YES_AGGRESSIVE;
				CLANG_CXX_LANGUAGE_STANDARD = "gnu++14";
				CLANG_CXX_LIBRARY = "libc++";
				CLANG_ENABLE_MODULES = YES;
				CLANG_ENABLE_OBJC_ARC = YES;
				CLANG_ENABLE_OBJC_WEAK = YES;
				CLANG_WARN_BLOCK_CAPTURE_AUTORELEASING = YES;
				CLANG_WARN_BOOL_CONVERSION = YES;
				CLANG_WARN_COMMA = YES;
				CLANG_WARN_CONSTANT_CONVERSION = YES;
				CLANG_WARN_DEPRECATED_OBJC_IMPLEMENTATIONS = YES;
				CLANG_WARN_DIRECT_OBJC_ISA_USAGE = YES_ERROR;
				CLANG_WARN_DOCUMENTATION_COMMENTS = YES;
				CLANG_WARN_EMPTY_BODY = YES;
				CLANG_WARN_ENUM_CONVERSION = YES;
				CLANG_WARN_INFINITE_RECURSION = YES;
				CLANG_WARN_INT_CONVERSION = YES;
				CLANG_WARN_NON_LITERAL_NULL_CONVERSION = YES;
				CLANG_WARN_OBJC_IMPLICIT_RETAIN_SELF = YES;
				CLANG_WARN_OBJC_LITERAL_CONVERSION = YES;
				CLANG_WARN_OBJC_ROOT_CLASS = YES_ERROR;
				CLANG_WARN_RANGE_LOOP_ANALYSIS = YES;
				CLANG_WARN_STRICT_PROTOTYPES = YES;
				CLANG_WARN_SUSPICIOUS_MOVE = YES;
				CLANG_WARN_UNGUARDED_AVAILABILITY = YES_AGGRESSIVE;
				CLANG_WARN_UNREACHABLE_CODE = YES;
				CLANG_WARN__DUPLICATE_METHOD_MATCH = YES;
				COPY_PHASE_STRIP = NO;
				DEBUG_INFORMATION_FORMAT = dwarf;
				ENABLE_STRICT_OBJC_MSGSEND = YES;
				ENABLE_TESTABILITY = YES;
				GCC_C_LANGUAGE_STANDARD = gnu11;
				GCC_DYNAMIC_NO_PIC = NO;
				GCC_NO_COMMON_BLOCKS = YES;
				GCC_OPTIMIZATION_LEVEL = 0;
				GCC_PREPROCESSOR_DEFINITIONS = (
					"DEBUG=1",
					"$(inherited)",
				);
				GCC_WARN_64_TO_32_BIT_CONVERSION = YES;
				GCC_WARN_ABOUT_RETURN_TYPE = YES_ERROR;
				GCC_WARN_UNDECLARED_SELECTOR = YES;
				GCC_WARN_UNINITIALIZED_AUTOS = YES_AGGRESSIVE;
				GCC_WARN_UNUSED_FUNCTION = YES;
				GCC_WARN_UNUSED_VARIABLE = YES;
				IPHONEOS_DEPLOYMENT_TARGET = 13.1;
				MTL_ENABLE_DEBUG_INFO = INCLUDE_SOURCE;
				MTL_FAST_MATH = YES;
				ONLY_ACTIVE_ARCH = YES;
				SDKROOT = iphoneos;
				SWIFT_ACTIVE_COMPILATION_CONDITIONS = DEBUG;
				SWIFT_OPTIMIZATION_LEVEL = "-Onone";
			};
			name = Debug;
		};
		D6F557402361525E00D0F333 /* Release */ = {
			isa = XCBuildConfiguration;
			buildSettings = {
				ALWAYS_SEARCH_USER_PATHS = NO;
				CLANG_ANALYZER_NONNULL = YES;
				CLANG_ANALYZER_NUMBER_OBJECT_CONVERSION = YES_AGGRESSIVE;
				CLANG_CXX_LANGUAGE_STANDARD = "gnu++14";
				CLANG_CXX_LIBRARY = "libc++";
				CLANG_ENABLE_MODULES = YES;
				CLANG_ENABLE_OBJC_ARC = YES;
				CLANG_ENABLE_OBJC_WEAK = YES;
				CLANG_WARN_BLOCK_CAPTURE_AUTORELEASING = YES;
				CLANG_WARN_BOOL_CONVERSION = YES;
				CLANG_WARN_COMMA = YES;
				CLANG_WARN_CONSTANT_CONVERSION = YES;
				CLANG_WARN_DEPRECATED_OBJC_IMPLEMENTATIONS = YES;
				CLANG_WARN_DIRECT_OBJC_ISA_USAGE = YES_ERROR;
				CLANG_WARN_DOCUMENTATION_COMMENTS = YES;
				CLANG_WARN_EMPTY_BODY = YES;
				CLANG_WARN_ENUM_CONVERSION = YES;
				CLANG_WARN_INFINITE_RECURSION = YES;
				CLANG_WARN_INT_CONVERSION = YES;
				CLANG_WARN_NON_LITERAL_NULL_CONVERSION = YES;
				CLANG_WARN_OBJC_IMPLICIT_RETAIN_SELF = YES;
				CLANG_WARN_OBJC_LITERAL_CONVERSION = YES;
				CLANG_WARN_OBJC_ROOT_CLASS = YES_ERROR;
				CLANG_WARN_RANGE_LOOP_ANALYSIS = YES;
				CLANG_WARN_STRICT_PROTOTYPES = YES;
				CLANG_WARN_SUSPICIOUS_MOVE = YES;
				CLANG_WARN_UNGUARDED_AVAILABILITY = YES_AGGRESSIVE;
				CLANG_WARN_UNREACHABLE_CODE = YES;
				CLANG_WARN__DUPLICATE_METHOD_MATCH = YES;
				COPY_PHASE_STRIP = NO;
				DEBUG_INFORMATION_FORMAT = "dwarf-with-dsym";
				ENABLE_NS_ASSERTIONS = NO;
				ENABLE_STRICT_OBJC_MSGSEND = YES;
				GCC_C_LANGUAGE_STANDARD = gnu11;
				GCC_NO_COMMON_BLOCKS = YES;
				GCC_WARN_64_TO_32_BIT_CONVERSION = YES;
				GCC_WARN_ABOUT_RETURN_TYPE = YES_ERROR;
				GCC_WARN_UNDECLARED_SELECTOR = YES;
				GCC_WARN_UNINITIALIZED_AUTOS = YES_AGGRESSIVE;
				GCC_WARN_UNUSED_FUNCTION = YES;
				GCC_WARN_UNUSED_VARIABLE = YES;
				IPHONEOS_DEPLOYMENT_TARGET = 13.1;
				MTL_ENABLE_DEBUG_INFO = NO;
				MTL_FAST_MATH = YES;
				SDKROOT = iphoneos;
				SWIFT_COMPILATION_MODE = wholemodule;
				SWIFT_OPTIMIZATION_LEVEL = "-O";
				VALIDATE_PRODUCT = YES;
			};
			name = Release;
		};
		D6F557422361525E00D0F333 /* Debug */ = {
			isa = XCBuildConfiguration;
			buildSettings = {
				ASSETCATALOG_COMPILER_APPICON_NAME = AppIcon;
				CODE_SIGN_STYLE = Automatic;
				INFOPLIST_FILE = TTable/Info.plist;
				LD_RUNPATH_SEARCH_PATHS = (
					"$(inherited)",
					"@executable_path/Frameworks",
				);
				PRODUCT_BUNDLE_IDENTIFIER = com.angfung.TTable;
				PRODUCT_NAME = "$(TARGET_NAME)";
				SWIFT_VERSION = 5.0;
				TARGETED_DEVICE_FAMILY = "1,2";
			};
			name = Debug;
		};
		D6F557432361525E00D0F333 /* Release */ = {
			isa = XCBuildConfiguration;
			buildSettings = {
				ASSETCATALOG_COMPILER_APPICON_NAME = AppIcon;
				CODE_SIGN_STYLE = Automatic;
				INFOPLIST_FILE = TTable/Info.plist;
				LD_RUNPATH_SEARCH_PATHS = (
					"$(inherited)",
					"@executable_path/Frameworks",
				);
				PRODUCT_BUNDLE_IDENTIFIER = com.angfung.TTable;
				PRODUCT_NAME = "$(TARGET_NAME)";
				SWIFT_VERSION = 5.0;
				TARGETED_DEVICE_FAMILY = "1,2";
			};
			name = Release;
		};
/* End XCBuildConfiguration section */

/* Begin XCConfigurationList section */
		D6BD730A2362FB9D003C7F5E /* Build configuration list for PBXNativeTarget "OrderedMap" */ = {
			isa = XCConfigurationList;
			buildConfigurations = (
				D6BD73082362FB9D003C7F5E /* Debug */,
				D6BD73092362FB9D003C7F5E /* Release */,
			);
			defaultConfigurationIsVisible = 0;
			defaultConfigurationName = Release;
		};
		D6F557282361525B00D0F333 /* Build configuration list for PBXProject "TTable" */ = {
			isa = XCConfigurationList;
			buildConfigurations = (
				D6F5573F2361525E00D0F333 /* Debug */,
				D6F557402361525E00D0F333 /* Release */,
			);
			defaultConfigurationIsVisible = 0;
			defaultConfigurationName = Release;
		};
		D6F557412361525E00D0F333 /* Build configuration list for PBXNativeTarget "TTable" */ = {
			isa = XCConfigurationList;
			buildConfigurations = (
				D6F557422361525E00D0F333 /* Debug */,
				D6F557432361525E00D0F333 /* Release */,
			);
			defaultConfigurationIsVisible = 0;
			defaultConfigurationName = Release;
		};
/* End XCConfigurationList section */
	};
	rootObject = D6F557252361525B00D0F333 /* Project object */;
}
