// !$*UTF8*$!
{
	archiveVersion = 1;
	classes = {
	};
	objectVersion = 50;
	objects = {

/* Begin PBXBuildFile section */
		D67D6BFA22EC0AE400A60A9D /* AppDelegate.swift in Sources */ = {isa = PBXBuildFile; fileRef = D67D6BF922EC0AE400A60A9D /* AppDelegate.swift */; };
		D67D6BFC22EC0AE600A60A9D /* Assets.xcassets in Resources */ = {isa = PBXBuildFile; fileRef = D67D6BFB22EC0AE600A60A9D /* Assets.xcassets */; };
		D67D6BFF22EC0AE600A60A9D /* MainMenu.xib in Resources */ = {isa = PBXBuildFile; fileRef = D67D6BFD22EC0AE600A60A9D /* MainMenu.xib */; };
		D67D6C1622EC27D900A60A9D /* CoreDigest.c in Sources */ = {isa = PBXBuildFile; fileRef = D67D6C1022EC27D900A60A9D /* CoreDigest.c */; };
		D67D6C1722EC27D900A60A9D /* CDSHA2.c in Sources */ = {isa = PBXBuildFile; fileRef = D67D6C1122EC27D900A60A9D /* CDSHA2.c */; };
		D67D6C1822EC27D900A60A9D /* CBridage.m in Sources */ = {isa = PBXBuildFile; fileRef = D67D6C1222EC27D900A60A9D /* CBridage.m */; };
		D67D6C1922EC27D900A60A9D /* CDMD.c in Sources */ = {isa = PBXBuildFile; fileRef = D67D6C1322EC27D900A60A9D /* CDMD.c */; };
		D6DBC75E22EEB58F00AA1589 /* CDSHA3.c in Sources */ = {isa = PBXBuildFile; fileRef = D6DBC75D22EEB58F00AA1589 /* CDSHA3.c */; };
		D6E4FC7D22EF3A060071748E /* CDSHA1.c in Sources */ = {isa = PBXBuildFile; fileRef = D6E4FC7C22EF3A060071748E /* CDSHA1.c */; };
/* End PBXBuildFile section */

/* Begin PBXFileReference section */
		D67D6BF622EC0AE400A60A9D /* Digest.app */ = {isa = PBXFileReference; explicitFileType = wrapper.application; includeInIndex = 0; path = Digest.app; sourceTree = BUILT_PRODUCTS_DIR; };
		D67D6BF922EC0AE400A60A9D /* AppDelegate.swift */ = {isa = PBXFileReference; lastKnownFileType = sourcecode.swift; path = AppDelegate.swift; sourceTree = "<group>"; };
		D67D6BFB22EC0AE600A60A9D /* Assets.xcassets */ = {isa = PBXFileReference; lastKnownFileType = folder.assetcatalog; path = Assets.xcassets; sourceTree = "<group>"; };
		D67D6BFE22EC0AE600A60A9D /* Base */ = {isa = PBXFileReference; lastKnownFileType = file.xib; name = Base; path = Base.lproj/MainMenu.xib; sourceTree = "<group>"; };
		D67D6C0022EC0AE600A60A9D /* Info.plist */ = {isa = PBXFileReference; lastKnownFileType = text.plist.xml; path = Info.plist; sourceTree = "<group>"; };
		D67D6C0122EC0AE600A60A9D /* Digest.entitlements */ = {isa = PBXFileReference; lastKnownFileType = text.plist.entitlements; path = Digest.entitlements; sourceTree = "<group>"; };
		D67D6C0722EC0AFD00A60A9D /* Digest-Bridging-Header.h */ = {isa = PBXFileReference; lastKnownFileType = sourcecode.c.h; path = "Digest-Bridging-Header.h"; sourceTree = "<group>"; };
		D67D6C1022EC27D900A60A9D /* CoreDigest.c */ = {isa = PBXFileReference; fileEncoding = 4; lastKnownFileType = sourcecode.c.c; path = CoreDigest.c; sourceTree = "<group>"; };
		D67D6C1122EC27D900A60A9D /* CDSHA2.c */ = {isa = PBXFileReference; fileEncoding = 4; lastKnownFileType = sourcecode.c.c; path = CDSHA2.c; sourceTree = "<group>"; };
		D67D6C1222EC27D900A60A9D /* CBridage.m */ = {isa = PBXFileReference; fileEncoding = 4; lastKnownFileType = sourcecode.c.objc; path = CBridage.m; sourceTree = "<group>"; };
		D67D6C1322EC27D900A60A9D /* CDMD.c */ = {isa = PBXFileReference; fileEncoding = 4; lastKnownFileType = sourcecode.c.c; path = CDMD.c; sourceTree = "<group>"; };
		D67D6C1422EC27D900A60A9D /* CoreDigest.h */ = {isa = PBXFileReference; fileEncoding = 4; lastKnownFileType = sourcecode.c.h; path = CoreDigest.h; sourceTree = "<group>"; };
		D67D6C1522EC27D900A60A9D /* CBridage.h */ = {isa = PBXFileReference; fileEncoding = 4; lastKnownFileType = sourcecode.c.h; path = CBridage.h; sourceTree = "<group>"; };
		D6DBC75D22EEB58F00AA1589 /* CDSHA3.c */ = {isa = PBXFileReference; lastKnownFileType = sourcecode.c.c; path = CDSHA3.c; sourceTree = "<group>"; };
		D6E4FC7C22EF3A060071748E /* CDSHA1.c */ = {isa = PBXFileReference; lastKnownFileType = sourcecode.c.c; path = CDSHA1.c; sourceTree = "<group>"; };
/* End PBXFileReference section */

/* Begin PBXFrameworksBuildPhase section */
		D67D6BF322EC0AE400A60A9D /* Frameworks */ = {
			isa = PBXFrameworksBuildPhase;
			buildActionMask = 2147483647;
			files = (
			);
			runOnlyForDeploymentPostprocessing = 0;
		};
/* End PBXFrameworksBuildPhase section */

/* Begin PBXGroup section */
		D67D6BED22EC0AE400A60A9D = {
			isa = PBXGroup;
			children = (
				D67D6BF822EC0AE400A60A9D /* Digest */,
				D67D6BF722EC0AE400A60A9D /* Products */,
			);
			sourceTree = "<group>";
		};
		D67D6BF722EC0AE400A60A9D /* Products */ = {
			isa = PBXGroup;
			children = (
				D67D6BF622EC0AE400A60A9D /* Digest.app */,
			);
			name = Products;
			sourceTree = "<group>";
		};
		D67D6BF822EC0AE400A60A9D /* Digest */ = {
			isa = PBXGroup;
			children = (
				D67D6C1522EC27D900A60A9D /* CBridage.h */,
				D67D6C1222EC27D900A60A9D /* CBridage.m */,
				D67D6C0F22EC27D900A60A9D /* Source */,
				D67D6BF922EC0AE400A60A9D /* AppDelegate.swift */,
				D67D6BFB22EC0AE600A60A9D /* Assets.xcassets */,
				D67D6BFD22EC0AE600A60A9D /* MainMenu.xib */,
				D67D6C0022EC0AE600A60A9D /* Info.plist */,
				D67D6C0122EC0AE600A60A9D /* Digest.entitlements */,
				D67D6C0722EC0AFD00A60A9D /* Digest-Bridging-Header.h */,
			);
			path = Digest;
			sourceTree = "<group>";
		};
		D67D6C0F22EC27D900A60A9D /* Source */ = {
			isa = PBXGroup;
			children = (
				D67D6C1422EC27D900A60A9D /* CoreDigest.h */,
				D67D6C1022EC27D900A60A9D /* CoreDigest.c */,
				D67D6C1322EC27D900A60A9D /* CDMD.c */,
				D6E4FC7C22EF3A060071748E /* CDSHA1.c */,
				D67D6C1122EC27D900A60A9D /* CDSHA2.c */,
				D6DBC75D22EEB58F00AA1589 /* CDSHA3.c */,
			);
			path = Source;
			sourceTree = "<group>";
		};
/* End PBXGroup section */

/* Begin PBXNativeTarget section */
		D67D6BF522EC0AE400A60A9D /* Digest */ = {
			isa = PBXNativeTarget;
			buildConfigurationList = D67D6C0422EC0AE600A60A9D /* Build configuration list for PBXNativeTarget "Digest" */;
			buildPhases = (
				D67D6BF222EC0AE400A60A9D /* Sources */,
				D67D6BF322EC0AE400A60A9D /* Frameworks */,
				D67D6BF422EC0AE400A60A9D /* Resources */,
			);
			buildRules = (
			);
			dependencies = (
			);
			name = Digest;
			productName = Digest;
			productReference = D67D6BF622EC0AE400A60A9D /* Digest.app */;
			productType = "com.apple.product-type.application";
		};
/* End PBXNativeTarget section */

/* Begin PBXProject section */
		D67D6BEE22EC0AE400A60A9D /* Project object */ = {
			isa = PBXProject;
			attributes = {
				LastSwiftUpdateCheck = 1030;
				LastUpgradeCheck = 1030;
				ORGANIZATIONNAME = angfung;
				TargetAttributes = {
					D67D6BF522EC0AE400A60A9D = {
						CreatedOnToolsVersion = 10.3;
						LastSwiftMigration = 1030;
						SystemCapabilities = {
							com.apple.Sandbox = {
								enabled = 0;
							};
						};
					};
				};
			};
			buildConfigurationList = D67D6BF122EC0AE400A60A9D /* Build configuration list for PBXProject "Digest" */;
			compatibilityVersion = "Xcode 9.3";
			developmentRegion = en;
			hasScannedForEncodings = 0;
			knownRegions = (
				en,
				Base,
			);
			mainGroup = D67D6BED22EC0AE400A60A9D;
			productRefGroup = D67D6BF722EC0AE400A60A9D /* Products */;
			projectDirPath = "";
			projectRoot = "";
			targets = (
				D67D6BF522EC0AE400A60A9D /* Digest */,
			);
		};
/* End PBXProject section */

/* Begin PBXResourcesBuildPhase section */
		D67D6BF422EC0AE400A60A9D /* Resources */ = {
			isa = PBXResourcesBuildPhase;
			buildActionMask = 2147483647;
			files = (
				D67D6BFC22EC0AE600A60A9D /* Assets.xcassets in Resources */,
				D67D6BFF22EC0AE600A60A9D /* MainMenu.xib in Resources */,
			);
			runOnlyForDeploymentPostprocessing = 0;
		};
/* End PBXResourcesBuildPhase section */

/* Begin PBXSourcesBuildPhase section */
		D67D6BF222EC0AE400A60A9D /* Sources */ = {
			isa = PBXSourcesBuildPhase;
			buildActionMask = 2147483647;
			files = (
				D67D6C1922EC27D900A60A9D /* CDMD.c in Sources */,
				D67D6C1722EC27D900A60A9D /* CDSHA2.c in Sources */,
				D67D6C1622EC27D900A60A9D /* CoreDigest.c in Sources */,
				D67D6C1822EC27D900A60A9D /* CBridage.m in Sources */,
				D6E4FC7D22EF3A060071748E /* CDSHA1.c in Sources */,
				D67D6BFA22EC0AE400A60A9D /* AppDelegate.swift in Sources */,
				D6DBC75E22EEB58F00AA1589 /* CDSHA3.c in Sources */,
			);
			runOnlyForDeploymentPostprocessing = 0;
		};
/* End PBXSourcesBuildPhase section */

/* Begin PBXVariantGroup section */
		D67D6BFD22EC0AE600A60A9D /* MainMenu.xib */ = {
			isa = PBXVariantGroup;
			children = (
				D67D6BFE22EC0AE600A60A9D /* Base */,
			);
			name = MainMenu.xib;
			sourceTree = "<group>";
		};
/* End PBXVariantGroup section */

/* Begin XCBuildConfiguration section */
		D67D6C0222EC0AE600A60A9D /* Debug */ = {
			isa = XCBuildConfiguration;
			buildSettings = {
				ALWAYS_SEARCH_USER_PATHS = NO;
				CLANG_ANALYZER_NONNULL = YES;
				CLANG_ANALYZER_NUMBER_OBJECT_CONVERSION = YES_AGGRESSIVE;
				CLANG_CXX_LANGUAGE_STANDARD = "gnu++14";
				CLANG_CXX_LIBRARY = "libc++";
				CLANG_ENABLE_MODULES = YES;
				CLANG_ENABLE_OBJC_ARC = YES;
				CLANG_ENABLE_OBJC_WEAK = YES;
				CLANG_WARN_BLOCK_CAPTURE_AUTORELEASING = YES;
				CLANG_WARN_BOOL_CONVERSION = YES;
				CLANG_WARN_COMMA = YES;
				CLANG_WARN_CONSTANT_CONVERSION = YES;
				CLANG_WARN_DEPRECATED_OBJC_IMPLEMENTATIONS = YES;
				CLANG_WARN_DIRECT_OBJC_ISA_USAGE = YES_ERROR;
				CLANG_WARN_DOCUMENTATION_COMMENTS = YES;
				CLANG_WARN_EMPTY_BODY = YES;
				CLANG_WARN_ENUM_CONVERSION = YES;
				CLANG_WARN_INFINITE_RECURSION = YES;
				CLANG_WARN_INT_CONVERSION = YES;
				CLANG_WARN_NON_LITERAL_NULL_CONVERSION = YES;
				CLANG_WARN_OBJC_IMPLICIT_RETAIN_SELF = YES;
				CLANG_WARN_OBJC_LITERAL_CONVERSION = YES;
				CLANG_WARN_OBJC_ROOT_CLASS = YES_ERROR;
				CLANG_WARN_RANGE_LOOP_ANALYSIS = YES;
				CLANG_WARN_STRICT_PROTOTYPES = YES;
				CLANG_WARN_SUSPICIOUS_MOVE = YES;
				CLANG_WARN_UNGUARDED_AVAILABILITY = YES_AGGRESSIVE;
				CLANG_WARN_UNREACHABLE_CODE = YES;
				CLANG_WARN__DUPLICATE_METHOD_MATCH = YES;
				CODE_SIGN_IDENTITY = "-";
				COPY_PHASE_STRIP = NO;
				DEBUG_INFORMATION_FORMAT = dwarf;
				ENABLE_STRICT_OBJC_MSGSEND = YES;
				ENABLE_TESTABILITY = YES;
				GCC_C_LANGUAGE_STANDARD = gnu11;
				GCC_DYNAMIC_NO_PIC = NO;
				GCC_NO_COMMON_BLOCKS = YES;
				GCC_OPTIMIZATION_LEVEL = 0;
				GCC_PREPROCESSOR_DEFINITIONS = (
					"DEBUG=1",
					"$(inherited)",
				);
				GCC_WARN_64_TO_32_BIT_CONVERSION = YES;
				GCC_WARN_ABOUT_RETURN_TYPE = YES_ERROR;
				GCC_WARN_UNDECLARED_SELECTOR = YES;
				GCC_WARN_UNINITIALIZED_AUTOS = YES_AGGRESSIVE;
				GCC_WARN_UNUSED_FUNCTION = YES;
				GCC_WARN_UNUSED_VARIABLE = YES;
				MACOSX_DEPLOYMENT_TARGET = 10.14;
				MTL_ENABLE_DEBUG_INFO = INCLUDE_SOURCE;
				MTL_FAST_MATH = YES;
				ONLY_ACTIVE_ARCH = YES;
				SDKROOT = macosx;
				SWIFT_ACTIVE_COMPILATION_CONDITIONS = DEBUG;
				SWIFT_OPTIMIZATION_LEVEL = "-Onone";
			};
			name = Debug;
		};
		D67D6C0322EC0AE600A60A9D /* Release */ = {
			isa = XCBuildConfiguration;
			buildSettings = {
				ALWAYS_SEARCH_USER_PATHS = NO;
				CLANG_ANALYZER_NONNULL = YES;
				CLANG_ANALYZER_NUMBER_OBJECT_CONVERSION = YES_AGGRESSIVE;
				CLANG_CXX_LANGUAGE_STANDARD = "gnu++14";
				CLANG_CXX_LIBRARY = "libc++";
				CLANG_ENABLE_MODULES = YES;
				CLANG_ENABLE_OBJC_ARC = YES;
				CLANG_ENABLE_OBJC_WEAK = YES;
				CLANG_WARN_BLOCK_CAPTURE_AUTORELEASING = YES;
				CLANG_WARN_BOOL_CONVERSION = YES;
				CLANG_WARN_COMMA = YES;
				CLANG_WARN_CONSTANT_CONVERSION = YES;
				CLANG_WARN_DEPRECATED_OBJC_IMPLEMENTATIONS = YES;
				CLANG_WARN_DIRECT_OBJC_ISA_USAGE = YES_ERROR;
				CLANG_WARN_DOCUMENTATION_COMMENTS = YES;
				CLANG_WARN_EMPTY_BODY = YES;
				CLANG_WARN_ENUM_CONVERSION = YES;
				CLANG_WARN_INFINITE_RECURSION = YES;
				CLANG_WARN_INT_CONVERSION = YES;
				CLANG_WARN_NON_LITERAL_NULL_CONVERSION = YES;
				CLANG_WARN_OBJC_IMPLICIT_RETAIN_SELF = YES;
				CLANG_WARN_OBJC_LITERAL_CONVERSION = YES;
				CLANG_WARN_OBJC_ROOT_CLASS = YES_ERROR;
				CLANG_WARN_RANGE_LOOP_ANALYSIS = YES;
				CLANG_WARN_STRICT_PROTOTYPES = YES;
				CLANG_WARN_SUSPICIOUS_MOVE = YES;
				CLANG_WARN_UNGUARDED_AVAILABILITY = YES_AGGRESSIVE;
				CLANG_WARN_UNREACHABLE_CODE = YES;
				CLANG_WARN__DUPLICATE_METHOD_MATCH = YES;
				CODE_SIGN_IDENTITY = "-";
				COPY_PHASE_STRIP = NO;
				DEBUG_INFORMATION_FORMAT = "dwarf-with-dsym";
				ENABLE_NS_ASSERTIONS = NO;
				ENABLE_STRICT_OBJC_MSGSEND = YES;
				GCC_C_LANGUAGE_STANDARD = gnu11;
				GCC_NO_COMMON_BLOCKS = YES;
				GCC_WARN_64_TO_32_BIT_CONVERSION = YES;
				GCC_WARN_ABOUT_RETURN_TYPE = YES_ERROR;
				GCC_WARN_UNDECLARED_SELECTOR = YES;
				GCC_WARN_UNINITIALIZED_AUTOS = YES_AGGRESSIVE;
				GCC_WARN_UNUSED_FUNCTION = YES;
				GCC_WARN_UNUSED_VARIABLE = YES;
				MACOSX_DEPLOYMENT_TARGET = 10.14;
				MTL_ENABLE_DEBUG_INFO = NO;
				MTL_FAST_MATH = YES;
				SDKROOT = macosx;
				SWIFT_COMPILATION_MODE = wholemodule;
				SWIFT_OPTIMIZATION_LEVEL = "-O";
			};
			name = Release;
		};
		D67D6C0522EC0AE600A60A9D /* Debug */ = {
			isa = XCBuildConfiguration;
			buildSettings = {
				ASSETCATALOG_COMPILER_APPICON_NAME = AppIcon;
				CLANG_ENABLE_MODULES = YES;
				CODE_SIGN_STYLE = Automatic;
				COMBINE_HIDPI_IMAGES = YES;
				INFOPLIST_FILE = Digest/Info.plist;
				LD_RUNPATH_SEARCH_PATHS = (
					"$(inherited)",
					"@executable_path/../Frameworks",
				);
				PRODUCT_BUNDLE_IDENTIFIER = com.angfung.Digest;
				PRODUCT_NAME = "$(TARGET_NAME)";
				SWIFT_OBJC_BRIDGING_HEADER = "Digest/Digest-Bridging-Header.h";
				SWIFT_OPTIMIZATION_LEVEL = "-Onone";
				SWIFT_VERSION = 5.0;
			};
			name = Debug;
		};
		D67D6C0622EC0AE600A60A9D /* Release */ = {
			isa = XCBuildConfiguration;
			buildSettings = {
				ASSETCATALOG_COMPILER_APPICON_NAME = AppIcon;
				CLANG_ENABLE_MODULES = YES;
				CODE_SIGN_STYLE = Automatic;
				COMBINE_HIDPI_IMAGES = YES;
				INFOPLIST_FILE = Digest/Info.plist;
				LD_RUNPATH_SEARCH_PATHS = (
					"$(inherited)",
					"@executable_path/../Frameworks",
				);
				PRODUCT_BUNDLE_IDENTIFIER = com.angfung.Digest;
				PRODUCT_NAME = "$(TARGET_NAME)";
				SWIFT_OBJC_BRIDGING_HEADER = "Digest/Digest-Bridging-Header.h";
				SWIFT_VERSION = 5.0;
			};
			name = Release;
		};
/* End XCBuildConfiguration section */

/* Begin XCConfigurationList section */
		D67D6BF122EC0AE400A60A9D /* Build configuration list for PBXProject "Digest" */ = {
			isa = XCConfigurationList;
			buildConfigurations = (
				D67D6C0222EC0AE600A60A9D /* Debug */,
				D67D6C0322EC0AE600A60A9D /* Release */,
			);
			defaultConfigurationIsVisible = 0;
			defaultConfigurationName = Release;
		};
		D67D6C0422EC0AE600A60A9D /* Build configuration list for PBXNativeTarget "Digest" */ = {
			isa = XCConfigurationList;
			buildConfigurations = (
				D67D6C0522EC0AE600A60A9D /* Debug */,
				D67D6C0622EC0AE600A60A9D /* Release */,
			);
			defaultConfigurationIsVisible = 0;
			defaultConfigurationName = Release;
		};
/* End XCConfigurationList section */
	};
	rootObject = D67D6BEE22EC0AE400A60A9D /* Project object */;
}
